// !$*UTF8*$!
{
	archiveVersion = 1;
	classes = {
	};
	objectVersion = 56;
	objects = {

/* Begin PBXBuildFile section */
		4205FFFD2C713AED0045486B /* TextHeaderView.swift in Sources */ = {isa = PBXBuildFile; fileRef = 4205FFFC2C713AED0045486B /* TextHeaderView.swift */; };
		420F1F4F2DA2A7040026D546 /* SwipeToDeleteRow.swift in Sources */ = {isa = PBXBuildFile; fileRef = 420F1F4E2DA2A7040026D546 /* SwipeToDeleteRow.swift */; };
		421FBDEA2D9ABCD5001D0DDF /* Int+Double.swift in Sources */ = {isa = PBXBuildFile; fileRef = 421FBDE92D9ABCD5001D0DDF /* Int+Double.swift */; };
		421FBDEF2D9AF465001D0DDF /* TextHeader.swift in Sources */ = {isa = PBXBuildFile; fileRef = 421FBDEE2D9AF465001D0DDF /* TextHeader.swift */; };
		421FBDF12D9AF528001D0DDF /* RecordCell.swift in Sources */ = {isa = PBXBuildFile; fileRef = 421FBDF02D9AF528001D0DDF /* RecordCell.swift */; };
		421FBDF32D9B0995001D0DDF /* ShortRecordForm.swift in Sources */ = {isa = PBXBuildFile; fileRef = 421FBDF22D9B0995001D0DDF /* ShortRecordForm.swift */; };
		421FBDF62D9C00A2001D0DDF /* ExpensesDetailView.swift in Sources */ = {isa = PBXBuildFile; fileRef = 421FBDF52D9C00A2001D0DDF /* ExpensesDetailView.swift */; };
		421FBDF82D9C00B3001D0DDF /* ExpensesDetailViewModel.swift in Sources */ = {isa = PBXBuildFile; fileRef = 421FBDF72D9C00B3001D0DDF /* ExpensesDetailViewModel.swift */; };
		42203A232CD4CF5700F91C9E /* OnboardingView.swift in Sources */ = {isa = PBXBuildFile; fileRef = 42203A222CD4CF5600F91C9E /* OnboardingView.swift */; };
		42203A272CE3D2A200F91C9E /* Currency.swift in Sources */ = {isa = PBXBuildFile; fileRef = 42203A262CE3D2A200F91C9E /* Currency.swift */; };
		42210E4B2D8033FD0069A0CD /* CalendarView.swift in Sources */ = {isa = PBXBuildFile; fileRef = 42210E4A2D8033FD0069A0CD /* CalendarView.swift */; };
		42210E4E2D80354F0069A0CD /* CategoryType.swift in Sources */ = {isa = PBXBuildFile; fileRef = 42210E4D2D80354F0069A0CD /* CategoryType.swift */; };
		42210E502D8038A20069A0CD /* CategoryList.swift in Sources */ = {isa = PBXBuildFile; fileRef = 42210E4F2D8038A20069A0CD /* CategoryList.swift */; };
		42210E522D803FF70069A0CD /* CategorySection.swift in Sources */ = {isa = PBXBuildFile; fileRef = 42210E512D803FF70069A0CD /* CategorySection.swift */; };
		42210E5B2D8045670069A0CD /* CategoryConstants.swift in Sources */ = {isa = PBXBuildFile; fileRef = 42210E5A2D8045670069A0CD /* CategoryConstants.swift */; };
		42210E5D2D804B990069A0CD /* TextfieldInputCase.swift in Sources */ = {isa = PBXBuildFile; fileRef = 42210E5C2D804B990069A0CD /* TextfieldInputCase.swift */; };
		422E82D02BF6BF5B00139B94 /* String+Extension.swift in Sources */ = {isa = PBXBuildFile; fileRef = 422E82CF2BF6BF5B00139B94 /* String+Extension.swift */; };
		422F56D52D1A103000CC3BD7 /* NewRecordViewModel.swift in Sources */ = {isa = PBXBuildFile; fileRef = 422F56D42D1A103000CC3BD7 /* NewRecordViewModel.swift */; };
		42369D0F2D7B03AB00744D95 /* IconView.swift in Sources */ = {isa = PBXBuildFile; fileRef = 42369D0E2D7B03AB00744D95 /* IconView.swift */; };
		42369D122D7B078200744D95 /* TitleForBtnView.swift in Sources */ = {isa = PBXBuildFile; fileRef = 42369D112D7B078200744D95 /* TitleForBtnView.swift */; };
		42369D142D7B080E00744D95 /* TappableRoundView.swift in Sources */ = {isa = PBXBuildFile; fileRef = 42369D132D7B080E00744D95 /* TappableRoundView.swift */; };
		42369D172D7B09FA00744D95 /* SelectorContentView.swift in Sources */ = {isa = PBXBuildFile; fileRef = 42369D162D7B09FA00744D95 /* SelectorContentView.swift */; };
		42369D1A2D7B0BE100744D95 /* SelectorButtonView.swift in Sources */ = {isa = PBXBuildFile; fileRef = 42369D192D7B0BE100744D95 /* SelectorButtonView.swift */; };
		42369D1C2D7B2A7700744D95 /* CancelButtonView.swift in Sources */ = {isa = PBXBuildFile; fileRef = 42369D1B2D7B2A7700744D95 /* CancelButtonView.swift */; };
		42369D1E2D7B2DE500744D95 /* SegmentCtrlTextView.swift in Sources */ = {isa = PBXBuildFile; fileRef = 42369D1D2D7B2DE500744D95 /* SegmentCtrlTextView.swift */; };
		42369D202D7B2E4B00744D95 /* SegmentCtrlItemView.swift in Sources */ = {isa = PBXBuildFile; fileRef = 42369D1F2D7B2E4A00744D95 /* SegmentCtrlItemView.swift */; };
		42369D222D7B2F4C00744D95 /* CustomSegmentedControlView.swift in Sources */ = {isa = PBXBuildFile; fileRef = 42369D212D7B2F4C00744D95 /* CustomSegmentedControlView.swift */; };
		42369D242D7B55C000744D95 /* ArrowBtnView.swift in Sources */ = {isa = PBXBuildFile; fileRef = 42369D232D7B55C000744D95 /* ArrowBtnView.swift */; };
		42369D262D7B568800744D95 /* RecurringFormTxtView.swift in Sources */ = {isa = PBXBuildFile; fileRef = 42369D252D7B568800744D95 /* RecurringFormTxtView.swift */; };
		42369D282D7B586200744D95 /* VerticalDividerView.swift in Sources */ = {isa = PBXBuildFile; fileRef = 42369D272D7B586200744D95 /* VerticalDividerView.swift */; };
		42369D2A2D7B58AB00744D95 /* PlusMinusBtnView.swift in Sources */ = {isa = PBXBuildFile; fileRef = 42369D292D7B58AB00744D95 /* PlusMinusBtnView.swift */; };
		42369D2C2D7B596000744D95 /* RecurringRangeSelectorView.swift in Sources */ = {isa = PBXBuildFile; fileRef = 42369D2B2D7B596000744D95 /* RecurringRangeSelectorView.swift */; };
		42369D2E2D7B657A00744D95 /* ButtonTitleView.swift in Sources */ = {isa = PBXBuildFile; fileRef = 42369D2D2D7B657A00744D95 /* ButtonTitleView.swift */; };
		42369D302D7B667D00744D95 /* ButtonBackgroundView.swift in Sources */ = {isa = PBXBuildFile; fileRef = 42369D2F2D7B667D00744D95 /* ButtonBackgroundView.swift */; };
		42369D322D7B66B600744D95 /* GradientView.swift in Sources */ = {isa = PBXBuildFile; fileRef = 42369D312D7B66B600744D95 /* GradientView.swift */; };
		42369D342D7B66EC00744D95 /* InnerShadowView.swift in Sources */ = {isa = PBXBuildFile; fileRef = 42369D332D7B66EC00744D95 /* InnerShadowView.swift */; };
		42369D362D7B674700744D95 /* InactiveButtonBackgroundView.swift in Sources */ = {isa = PBXBuildFile; fileRef = 42369D352D7B674700744D95 /* InactiveButtonBackgroundView.swift */; };
		42369D382D7B67B900744D95 /* ButtonContentView.swift in Sources */ = {isa = PBXBuildFile; fileRef = 42369D372D7B67B900744D95 /* ButtonContentView.swift */; };
		42369D3A2D7B684600744D95 /* PinkButtonView.swift in Sources */ = {isa = PBXBuildFile; fileRef = 42369D392D7B684600744D95 /* PinkButtonView.swift */; };
		42369D3C2D7B783800744D95 /* TextFieldView.swift in Sources */ = {isa = PBXBuildFile; fileRef = 42369D3B2D7B783800744D95 /* TextFieldView.swift */; };
		42369D3E2D7B78CC00744D95 /* DescriptionBackgroundView.swift in Sources */ = {isa = PBXBuildFile; fileRef = 42369D3D2D7B78CC00744D95 /* DescriptionBackgroundView.swift */; };
		42369D402D7B790D00744D95 /* DescriptionInputView.swift in Sources */ = {isa = PBXBuildFile; fileRef = 42369D3F2D7B790D00744D95 /* DescriptionInputView.swift */; };
		42369D422D7B79CA00744D95 /* DescriptionView.swift in Sources */ = {isa = PBXBuildFile; fileRef = 42369D412D7B79CA00744D95 /* DescriptionView.swift */; };
		42369D8E2D7F01AE00744D95 /* CurrencyTextView.swift in Sources */ = {isa = PBXBuildFile; fileRef = 42369D8D2D7F01AE00744D95 /* CurrencyTextView.swift */; };
		42369D902D7F022B00744D95 /* CurrencyHiddenTextfieldView.swift in Sources */ = {isa = PBXBuildFile; fileRef = 42369D8F2D7F022B00744D95 /* CurrencyHiddenTextfieldView.swift */; };
		42369D922D7F02C500744D95 /* CurrencyLabelView.swift in Sources */ = {isa = PBXBuildFile; fileRef = 42369D912D7F02C500744D95 /* CurrencyLabelView.swift */; };
		42369D942D7F032300744D95 /* FormattedMoneyAmountView.swift in Sources */ = {isa = PBXBuildFile; fileRef = 42369D932D7F032300744D95 /* FormattedMoneyAmountView.swift */; };
		42369D962D7F038600744D95 /* UserInputMoneyAmountView.swift in Sources */ = {isa = PBXBuildFile; fileRef = 42369D952D7F038600744D95 /* UserInputMoneyAmountView.swift */; };
		42369D982D7F044B00744D95 /* CurrencyInputView.swift in Sources */ = {isa = PBXBuildFile; fileRef = 42369D972D7F044B00744D95 /* CurrencyInputView.swift */; };
		42369D9A2D7F129400744D95 /* TextFieldCase.swift in Sources */ = {isa = PBXBuildFile; fileRef = 42369D992D7F129300744D95 /* TextFieldCase.swift */; };
		423DF4212BD5A1BF00CBB6D5 /* BackgroundGradView.swift in Sources */ = {isa = PBXBuildFile; fileRef = 423DF4202BD5A1BF00CBB6D5 /* BackgroundGradView.swift */; };
		4241F4712BB1E62E0048A29B /* Country.swift in Sources */ = {isa = PBXBuildFile; fileRef = 4241F4702BB1E62E0048A29B /* Country.swift */; };
		4241F47B2BB574FE0048A29B /* HorizontalAlignment+UnderlineLeading.swift in Sources */ = {isa = PBXBuildFile; fileRef = 4241F47A2BB574FE0048A29B /* HorizontalAlignment+UnderlineLeading.swift */; };
		4242750A2BA4FF72001873A3 /* MoneyTrackerApp.swift in Sources */ = {isa = PBXBuildFile; fileRef = 424275092BA4FF72001873A3 /* MoneyTrackerApp.swift */; };
		4242750C2BA4FF72001873A3 /* ContentView.swift in Sources */ = {isa = PBXBuildFile; fileRef = 4242750B2BA4FF72001873A3 /* ContentView.swift */; };
		4242750E2BA4FF73001873A3 /* Assets.xcassets in Resources */ = {isa = PBXBuildFile; fileRef = 4242750D2BA4FF73001873A3 /* Assets.xcassets */; };
		424275112BA4FF73001873A3 /* Preview Assets.xcassets in Resources */ = {isa = PBXBuildFile; fileRef = 424275102BA4FF73001873A3 /* Preview Assets.xcassets */; };
		4242751B2BA4FF73001873A3 /* MoneyTrackerTests.swift in Sources */ = {isa = PBXBuildFile; fileRef = 4242751A2BA4FF73001873A3 /* MoneyTrackerTests.swift */; };
		424275252BA4FF73001873A3 /* MoneyTrackerUITests.swift in Sources */ = {isa = PBXBuildFile; fileRef = 424275242BA4FF73001873A3 /* MoneyTrackerUITests.swift */; };
		424275272BA4FF73001873A3 /* MoneyTrackerUITestsLaunchTests.swift in Sources */ = {isa = PBXBuildFile; fileRef = 424275262BA4FF73001873A3 /* MoneyTrackerUITestsLaunchTests.swift */; };
		424C60572D83612D00147CB2 /* RecurringUnit.swift in Sources */ = {isa = PBXBuildFile; fileRef = 424C60562D83612D00147CB2 /* RecurringUnit.swift */; };
		424C60592D83673B00147CB2 /* Record.swift in Sources */ = {isa = PBXBuildFile; fileRef = 424C60582D83673B00147CB2 /* Record.swift */; };
		424C605B2D846BAC00147CB2 /* HomeViewModel.swift in Sources */ = {isa = PBXBuildFile; fileRef = 424C605A2D846BAC00147CB2 /* HomeViewModel.swift */; };
		424C605F2D85817900147CB2 /* ChartHalfDonut.swift in Sources */ = {isa = PBXBuildFile; fileRef = 424C605E2D85817900147CB2 /* ChartHalfDonut.swift */; };
		424C60612D8581BA00147CB2 /* ChartView.swift in Sources */ = {isa = PBXBuildFile; fileRef = 424C60602D8581BA00147CB2 /* ChartView.swift */; };
		424C60642D85831100147CB2 /* Double+String.swift in Sources */ = {isa = PBXBuildFile; fileRef = 424C60632D85831100147CB2 /* Double+String.swift */; };
		424EC7B12CA852CF00CF76E2 /* MappingService.swift in Sources */ = {isa = PBXBuildFile; fileRef = 424EC7B02CA852CF00CF76E2 /* MappingService.swift */; };
		424EC7B32CA94E2200CF76E2 /* DataService.swift in Sources */ = {isa = PBXBuildFile; fileRef = 424EC7B22CA94E2200CF76E2 /* DataService.swift */; };
		4251FA502BAB94C90087ABE7 /* Views+NavBarTitleColor.swift in Sources */ = {isa = PBXBuildFile; fileRef = 4251FA4F2BAB94C90087ABE7 /* Views+NavBarTitleColor.swift */; };
		42548AF22C71FB3700C35903 /* TextSmallView.swift in Sources */ = {isa = PBXBuildFile; fileRef = 42548AF12C71FB3700C35903 /* TextSmallView.swift */; };
		425767A02C2148C90053637A /* CoreDataManager.swift in Sources */ = {isa = PBXBuildFile; fileRef = 4257679F2C2148C90053637A /* CoreDataManager.swift */; };
		42580AF82C0CA51E00AC9F58 /* RecurringCategoryCellViewModel.swift in Sources */ = {isa = PBXBuildFile; fileRef = 42580AF72C0CA51E00AC9F58 /* RecurringCategoryCellViewModel.swift */; };
		4268B4892CEF4D99007900C5 /* GenericPickerView.swift in Sources */ = {isa = PBXBuildFile; fileRef = 4268B4882CEF4D99007900C5 /* GenericPickerView.swift */; };
		42700AA32C6FB1200022063A /* DateTitleView.swift in Sources */ = {isa = PBXBuildFile; fileRef = 42700AA22C6FB1200022063A /* DateTitleView.swift */; };
		427A90622D0B6BD800633C5C /* OnboardingBackgroundView.swift in Sources */ = {isa = PBXBuildFile; fileRef = 427A90612D0B6BD800633C5C /* OnboardingBackgroundView.swift */; };
		427A90712D0E29D000633C5C /* HomeView.swift in Sources */ = {isa = PBXBuildFile; fileRef = 427A90702D0E29D000633C5C /* HomeView.swift */; };
		427A90732D0EDB7800633C5C /* HomeHeaderView.swift in Sources */ = {isa = PBXBuildFile; fileRef = 427A90722D0EDB7800633C5C /* HomeHeaderView.swift */; };
		427A90752D0EE97F00633C5C /* WelcomeView.swift in Sources */ = {isa = PBXBuildFile; fileRef = 427A90742D0EE97F00633C5C /* WelcomeView.swift */; };
		427A907A2D0F284600633C5C /* LazyView.swift in Sources */ = {isa = PBXBuildFile; fileRef = 427A90792D0F284600633C5C /* LazyView.swift */; };
		427A907F2D0F299400633C5C /* TabItems.swift in Sources */ = {isa = PBXBuildFile; fileRef = 427A907E2D0F299400633C5C /* TabItems.swift */; };
		427A90812D0F338000633C5C /* SplashScreenView.swift in Sources */ = {isa = PBXBuildFile; fileRef = 427A90802D0F338000633C5C /* SplashScreenView.swift */; };
		427A90842D19A3FA00633C5C /* NewRecordView.swift in Sources */ = {isa = PBXBuildFile; fileRef = 427A90832D19A3FA00633C5C /* NewRecordView.swift */; };
		42840CE52C8DD0AE00E62068 /* DatePickerView.swift in Sources */ = {isa = PBXBuildFile; fileRef = 42840CE42C8DD0AE00E62068 /* DatePickerView.swift */; };
		42840CEE2C93258B00E62068 /* DescriptionTextfieldView.swift in Sources */ = {isa = PBXBuildFile; fileRef = 42840CED2C93258B00E62068 /* DescriptionTextfieldView.swift */; };
		42840CF12C9B312900E62068 /* VibrateService.swift in Sources */ = {isa = PBXBuildFile; fileRef = 42840CF02C9B312900E62068 /* VibrateService.swift */; };
		42877D902D76349700F5EC13 /* SettingsView.swift in Sources */ = {isa = PBXBuildFile; fileRef = 42877D8F2D76349700F5EC13 /* SettingsView.swift */; };
		428BE9872CEF764900700550 /* TextLargeView.swift in Sources */ = {isa = PBXBuildFile; fileRef = 428BE9862CEF764900700550 /* TextLargeView.swift */; };
		428BE9892CEF868300700550 /* OnboardingViewModel.swift in Sources */ = {isa = PBXBuildFile; fileRef = 428BE9882CEF868300700550 /* OnboardingViewModel.swift */; };
		428BE98D2CEF8B8500700550 /* PickerItem.swift in Sources */ = {isa = PBXBuildFile; fileRef = 428BE98C2CEF8B8500700550 /* PickerItem.swift */; };
		428BE9902CF1F60600700550 /* UserPreferences.swift in Sources */ = {isa = PBXBuildFile; fileRef = 428BE98F2CF1F60600700550 /* UserPreferences.swift */; };
		42A264BD2CFCEE4C002BED58 /* Language.swift in Sources */ = {isa = PBXBuildFile; fileRef = 42A264BC2CFCEE4C002BED58 /* Language.swift */; };
		42A264C02CFDE038002BED58 /* SettingsDetailedListView.swift in Sources */ = {isa = PBXBuildFile; fileRef = 42A264BF2CFDE038002BED58 /* SettingsDetailedListView.swift */; };
		42A264C22CFDE1FC002BED58 /* TextCellView.swift in Sources */ = {isa = PBXBuildFile; fileRef = 42A264C12CFDE1FC002BED58 /* TextCellView.swift */; };
		42AD368B2D895E8E00E78B8F /* PinkActiveButtonView.swift in Sources */ = {isa = PBXBuildFile; fileRef = 42AD368A2D895E8E00E78B8F /* PinkActiveButtonView.swift */; };
		42AD368D2D89C9AC00E78B8F /* ColorExtension.swift in Sources */ = {isa = PBXBuildFile; fileRef = 42AD368C2D89C9AC00E78B8F /* ColorExtension.swift */; };
		42AD368F2D89D20200E78B8F /* BigIconView.swift in Sources */ = {isa = PBXBuildFile; fileRef = 42AD368E2D89D20200E78B8F /* BigIconView.swift */; };
		42AD36912D89D88900E78B8F /* GreyTextView.swift in Sources */ = {isa = PBXBuildFile; fileRef = 42AD36902D89D88900E78B8F /* GreyTextView.swift */; };
		42AD36932D89E0AE00E78B8F /* MoneyTextView.swift in Sources */ = {isa = PBXBuildFile; fileRef = 42AD36922D89E0AE00E78B8F /* MoneyTextView.swift */; };
		42AD36952D89E38700E78B8F /* BoardView.swift in Sources */ = {isa = PBXBuildFile; fileRef = 42AD36942D89E38700E78B8F /* BoardView.swift */; };
		42B9F0EB2BEA354D00D719E3 /* TextFormatter.swift in Sources */ = {isa = PBXBuildFile; fileRef = 42B9F0EA2BEA354D00D719E3 /* TextFormatter.swift */; };
		42B9F1182BF60F2E00D719E3 /* MoneyTrackerDB.xcdatamodeld in Sources */ = {isa = PBXBuildFile; fileRef = 42B9F1162BF60F2E00D719E3 /* MoneyTrackerDB.xcdatamodeld */; };
		42B9F11A2BF6137000D719E3 /* MoneyTracker+CoreDataClass.swift in Sources */ = {isa = PBXBuildFile; fileRef = 42B9F1192BF6137000D719E3 /* MoneyTracker+CoreDataClass.swift */; };
		42B9F11C2BF6141600D719E3 /* MoneyTracker+CoreDataProperties.swift in Sources */ = {isa = PBXBuildFile; fileRef = 42B9F11B2BF6141600D719E3 /* MoneyTracker+CoreDataProperties.swift */; };
		42C9EB0A2C71B4CF00D5D6EA /* TextTitleView.swift in Sources */ = {isa = PBXBuildFile; fileRef = 42C9EB092C71B4CF00D5D6EA /* TextTitleView.swift */; };
		42C9EB0C2C71BB8100D5D6EA /* BackgroundRectangleView.swift in Sources */ = {isa = PBXBuildFile; fileRef = 42C9EB0B2C71BB8100D5D6EA /* BackgroundRectangleView.swift */; };
		42C9EB0E2C71C52100D5D6EA /* DateHeaderView.swift in Sources */ = {isa = PBXBuildFile; fileRef = 42C9EB0D2C71C52100D5D6EA /* DateHeaderView.swift */; };
		42C9EB122C71EB5600D5D6EA /* TextView.swift in Sources */ = {isa = PBXBuildFile; fileRef = 42C9EB112C71EB5600D5D6EA /* TextView.swift */; };
		42CA52492C2B52F90024DF8B /* Int+String.swift in Sources */ = {isa = PBXBuildFile; fileRef = 42CA52482C2B52F90024DF8B /* Int+String.swift */; };
		42CA524B2C2B54900024DF8B /* DetailCellView.swift in Sources */ = {isa = PBXBuildFile; fileRef = 42CA524A2C2B54900024DF8B /* DetailCellView.swift */; };
		42CA524D2C2B558C0024DF8B /* IconView_Old.swift in Sources */ = {isa = PBXBuildFile; fileRef = 42CA524C2C2B558C0024DF8B /* IconView_Old.swift */; };
		42CA52512C2C41D10024DF8B /* HorizontalBudgetBoardView.swift in Sources */ = {isa = PBXBuildFile; fileRef = 42CA52502C2C41D10024DF8B /* HorizontalBudgetBoardView.swift */; };
		42D043372D80265A004F3FC6 /* CategoriesView.swift in Sources */ = {isa = PBXBuildFile; fileRef = 42D043362D80265A004F3FC6 /* CategoriesView.swift */; };
		42D043392D802A57004F3FC6 /* CategoryIconView.swift in Sources */ = {isa = PBXBuildFile; fileRef = 42D043382D802A57004F3FC6 /* CategoryIconView.swift */; };
		42D0433B2D802ABE004F3FC6 /* CategoryLabel.swift in Sources */ = {isa = PBXBuildFile; fileRef = 42D0433A2D802ABE004F3FC6 /* CategoryLabel.swift */; };
		42D0433D2D802B30004F3FC6 /* CategoryRow.swift in Sources */ = {isa = PBXBuildFile; fileRef = 42D0433C2D802B30004F3FC6 /* CategoryRow.swift */; };
		42D0433F2D802B6D004F3FC6 /* CategoryGroup.swift in Sources */ = {isa = PBXBuildFile; fileRef = 42D0433E2D802B6D004F3FC6 /* CategoryGroup.swift */; };
		42D043412D802BF8004F3FC6 /* Category.swift in Sources */ = {isa = PBXBuildFile; fileRef = 42D043402D802BF8004F3FC6 /* Category.swift */; };
		42EF87E72BFB6B3A009E0272 /* BigButtonCategorySelectionView.swift in Sources */ = {isa = PBXBuildFile; fileRef = 42EF87E62BFB6B3A009E0272 /* BigButtonCategorySelectionView.swift */; };
		42EF87EB2BFBEB6D009E0272 /* RecurringCategoryCellView.swift in Sources */ = {isa = PBXBuildFile; fileRef = 42EF87EA2BFBEB6D009E0272 /* RecurringCategoryCellView.swift */; };
		42F38FA32BE973AF003644F2 /* CurrencyTextFieldView_OLD.swift in Sources */ = {isa = PBXBuildFile; fileRef = 42F38FA22BE973AF003644F2 /* CurrencyTextFieldView_OLD.swift */; };
		42F4FB5F2BF6415D007A580E /* PersistenceController.swift in Sources */ = {isa = PBXBuildFile; fileRef = 42F4FB5E2BF6415D007A580E /* PersistenceController.swift */; };
		42F8F7262C122C3200C0CE9B /* CalendarManager.swift in Sources */ = {isa = PBXBuildFile; fileRef = 42F8F7252C122C3200C0CE9B /* CalendarManager.swift */; };
		42F8F73E2C18C2E500C0CE9B /* Date+Extension.swift in Sources */ = {isa = PBXBuildFile; fileRef = 42F8F73D2C18C2E500C0CE9B /* Date+Extension.swift */; };
/* End PBXBuildFile section */

/* Begin PBXContainerItemProxy section */
		424275172BA4FF73001873A3 /* PBXContainerItemProxy */ = {
			isa = PBXContainerItemProxy;
			containerPortal = 424274FE2BA4FF71001873A3 /* Project object */;
			proxyType = 1;
			remoteGlobalIDString = 424275052BA4FF72001873A3;
			remoteInfo = MoneyTracker;
		};
		424275212BA4FF73001873A3 /* PBXContainerItemProxy */ = {
			isa = PBXContainerItemProxy;
			containerPortal = 424274FE2BA4FF71001873A3 /* Project object */;
			proxyType = 1;
			remoteGlobalIDString = 424275052BA4FF72001873A3;
			remoteInfo = MoneyTracker;
		};
/* End PBXContainerItemProxy section */

/* Begin PBXFileReference section */
		4205FFFC2C713AED0045486B /* TextHeaderView.swift */ = {isa = PBXFileReference; lastKnownFileType = sourcecode.swift; path = TextHeaderView.swift; sourceTree = "<group>"; };
		420F1F4E2DA2A7040026D546 /* SwipeToDeleteRow.swift */ = {isa = PBXFileReference; lastKnownFileType = sourcecode.swift; path = SwipeToDeleteRow.swift; sourceTree = "<group>"; };
		421FBDE92D9ABCD5001D0DDF /* Int+Double.swift */ = {isa = PBXFileReference; lastKnownFileType = sourcecode.swift; path = "Int+Double.swift"; sourceTree = "<group>"; };
		421FBDEE2D9AF465001D0DDF /* TextHeader.swift */ = {isa = PBXFileReference; lastKnownFileType = sourcecode.swift; path = TextHeader.swift; sourceTree = "<group>"; };
		421FBDF02D9AF528001D0DDF /* RecordCell.swift */ = {isa = PBXFileReference; lastKnownFileType = sourcecode.swift; path = RecordCell.swift; sourceTree = "<group>"; };
		421FBDF22D9B0995001D0DDF /* ShortRecordForm.swift */ = {isa = PBXFileReference; lastKnownFileType = sourcecode.swift; path = ShortRecordForm.swift; sourceTree = "<group>"; };
		421FBDF52D9C00A2001D0DDF /* ExpensesDetailView.swift */ = {isa = PBXFileReference; lastKnownFileType = sourcecode.swift; path = ExpensesDetailView.swift; sourceTree = "<group>"; };
		421FBDF72D9C00B3001D0DDF /* ExpensesDetailViewModel.swift */ = {isa = PBXFileReference; lastKnownFileType = sourcecode.swift; path = ExpensesDetailViewModel.swift; sourceTree = "<group>"; };
		42203A222CD4CF5600F91C9E /* OnboardingView.swift */ = {isa = PBXFileReference; lastKnownFileType = sourcecode.swift; path = OnboardingView.swift; sourceTree = "<group>"; };
		42203A262CE3D2A200F91C9E /* Currency.swift */ = {isa = PBXFileReference; lastKnownFileType = sourcecode.swift; path = Currency.swift; sourceTree = "<group>"; };
		42210E4A2D8033FD0069A0CD /* CalendarView.swift */ = {isa = PBXFileReference; lastKnownFileType = sourcecode.swift; path = CalendarView.swift; sourceTree = "<group>"; };
		42210E4D2D80354F0069A0CD /* CategoryType.swift */ = {isa = PBXFileReference; lastKnownFileType = sourcecode.swift; path = CategoryType.swift; sourceTree = "<group>"; };
		42210E4F2D8038A20069A0CD /* CategoryList.swift */ = {isa = PBXFileReference; lastKnownFileType = sourcecode.swift; path = CategoryList.swift; sourceTree = "<group>"; };
		42210E512D803FF70069A0CD /* CategorySection.swift */ = {isa = PBXFileReference; lastKnownFileType = sourcecode.swift; path = CategorySection.swift; sourceTree = "<group>"; };
		42210E5A2D8045670069A0CD /* CategoryConstants.swift */ = {isa = PBXFileReference; lastKnownFileType = sourcecode.swift; path = CategoryConstants.swift; sourceTree = "<group>"; };
		42210E5C2D804B990069A0CD /* TextfieldInputCase.swift */ = {isa = PBXFileReference; lastKnownFileType = sourcecode.swift; path = TextfieldInputCase.swift; sourceTree = "<group>"; };
		422E82CF2BF6BF5B00139B94 /* String+Extension.swift */ = {isa = PBXFileReference; lastKnownFileType = sourcecode.swift; path = "String+Extension.swift"; sourceTree = "<group>"; };
		422F56D42D1A103000CC3BD7 /* NewRecordViewModel.swift */ = {isa = PBXFileReference; lastKnownFileType = sourcecode.swift; path = NewRecordViewModel.swift; sourceTree = "<group>"; };
		42369D0E2D7B03AB00744D95 /* IconView.swift */ = {isa = PBXFileReference; lastKnownFileType = sourcecode.swift; path = IconView.swift; sourceTree = "<group>"; };
		42369D112D7B078200744D95 /* TitleForBtnView.swift */ = {isa = PBXFileReference; lastKnownFileType = sourcecode.swift; path = TitleForBtnView.swift; sourceTree = "<group>"; };
		42369D132D7B080E00744D95 /* TappableRoundView.swift */ = {isa = PBXFileReference; lastKnownFileType = sourcecode.swift; path = TappableRoundView.swift; sourceTree = "<group>"; };
		42369D162D7B09FA00744D95 /* SelectorContentView.swift */ = {isa = PBXFileReference; lastKnownFileType = sourcecode.swift; path = SelectorContentView.swift; sourceTree = "<group>"; };
		42369D192D7B0BE100744D95 /* SelectorButtonView.swift */ = {isa = PBXFileReference; lastKnownFileType = sourcecode.swift; path = SelectorButtonView.swift; sourceTree = "<group>"; };
		42369D1B2D7B2A7700744D95 /* CancelButtonView.swift */ = {isa = PBXFileReference; lastKnownFileType = sourcecode.swift; path = CancelButtonView.swift; sourceTree = "<group>"; };
		42369D1D2D7B2DE500744D95 /* SegmentCtrlTextView.swift */ = {isa = PBXFileReference; lastKnownFileType = sourcecode.swift; path = SegmentCtrlTextView.swift; sourceTree = "<group>"; };
		42369D1F2D7B2E4A00744D95 /* SegmentCtrlItemView.swift */ = {isa = PBXFileReference; lastKnownFileType = sourcecode.swift; path = SegmentCtrlItemView.swift; sourceTree = "<group>"; };
		42369D212D7B2F4C00744D95 /* CustomSegmentedControlView.swift */ = {isa = PBXFileReference; lastKnownFileType = sourcecode.swift; path = CustomSegmentedControlView.swift; sourceTree = "<group>"; };
		42369D232D7B55C000744D95 /* ArrowBtnView.swift */ = {isa = PBXFileReference; lastKnownFileType = sourcecode.swift; path = ArrowBtnView.swift; sourceTree = "<group>"; };
		42369D252D7B568800744D95 /* RecurringFormTxtView.swift */ = {isa = PBXFileReference; lastKnownFileType = sourcecode.swift; path = RecurringFormTxtView.swift; sourceTree = "<group>"; };
		42369D272D7B586200744D95 /* VerticalDividerView.swift */ = {isa = PBXFileReference; lastKnownFileType = sourcecode.swift; path = VerticalDividerView.swift; sourceTree = "<group>"; };
		42369D292D7B58AB00744D95 /* PlusMinusBtnView.swift */ = {isa = PBXFileReference; lastKnownFileType = sourcecode.swift; path = PlusMinusBtnView.swift; sourceTree = "<group>"; };
		42369D2B2D7B596000744D95 /* RecurringRangeSelectorView.swift */ = {isa = PBXFileReference; lastKnownFileType = sourcecode.swift; path = RecurringRangeSelectorView.swift; sourceTree = "<group>"; };
		42369D2D2D7B657A00744D95 /* ButtonTitleView.swift */ = {isa = PBXFileReference; lastKnownFileType = sourcecode.swift; path = ButtonTitleView.swift; sourceTree = "<group>"; };
		42369D2F2D7B667D00744D95 /* ButtonBackgroundView.swift */ = {isa = PBXFileReference; lastKnownFileType = sourcecode.swift; path = ButtonBackgroundView.swift; sourceTree = "<group>"; };
		42369D312D7B66B600744D95 /* GradientView.swift */ = {isa = PBXFileReference; lastKnownFileType = sourcecode.swift; path = GradientView.swift; sourceTree = "<group>"; };
		42369D332D7B66EC00744D95 /* InnerShadowView.swift */ = {isa = PBXFileReference; lastKnownFileType = sourcecode.swift; path = InnerShadowView.swift; sourceTree = "<group>"; };
		42369D352D7B674700744D95 /* InactiveButtonBackgroundView.swift */ = {isa = PBXFileReference; lastKnownFileType = sourcecode.swift; path = InactiveButtonBackgroundView.swift; sourceTree = "<group>"; };
		42369D372D7B67B900744D95 /* ButtonContentView.swift */ = {isa = PBXFileReference; lastKnownFileType = sourcecode.swift; path = ButtonContentView.swift; sourceTree = "<group>"; };
		42369D392D7B684600744D95 /* PinkButtonView.swift */ = {isa = PBXFileReference; lastKnownFileType = sourcecode.swift; path = PinkButtonView.swift; sourceTree = "<group>"; };
		42369D3B2D7B783800744D95 /* TextFieldView.swift */ = {isa = PBXFileReference; lastKnownFileType = sourcecode.swift; path = TextFieldView.swift; sourceTree = "<group>"; };
		42369D3D2D7B78CC00744D95 /* DescriptionBackgroundView.swift */ = {isa = PBXFileReference; lastKnownFileType = sourcecode.swift; path = DescriptionBackgroundView.swift; sourceTree = "<group>"; };
		42369D3F2D7B790D00744D95 /* DescriptionInputView.swift */ = {isa = PBXFileReference; lastKnownFileType = sourcecode.swift; path = DescriptionInputView.swift; sourceTree = "<group>"; };
		42369D412D7B79CA00744D95 /* DescriptionView.swift */ = {isa = PBXFileReference; lastKnownFileType = sourcecode.swift; path = DescriptionView.swift; sourceTree = "<group>"; };
		42369D8D2D7F01AE00744D95 /* CurrencyTextView.swift */ = {isa = PBXFileReference; lastKnownFileType = sourcecode.swift; path = CurrencyTextView.swift; sourceTree = "<group>"; };
		42369D8F2D7F022B00744D95 /* CurrencyHiddenTextfieldView.swift */ = {isa = PBXFileReference; lastKnownFileType = sourcecode.swift; path = CurrencyHiddenTextfieldView.swift; sourceTree = "<group>"; };
		42369D912D7F02C500744D95 /* CurrencyLabelView.swift */ = {isa = PBXFileReference; lastKnownFileType = sourcecode.swift; path = CurrencyLabelView.swift; sourceTree = "<group>"; };
		42369D932D7F032300744D95 /* FormattedMoneyAmountView.swift */ = {isa = PBXFileReference; lastKnownFileType = sourcecode.swift; path = FormattedMoneyAmountView.swift; sourceTree = "<group>"; };
		42369D952D7F038600744D95 /* UserInputMoneyAmountView.swift */ = {isa = PBXFileReference; lastKnownFileType = sourcecode.swift; path = UserInputMoneyAmountView.swift; sourceTree = "<group>"; };
		42369D972D7F044B00744D95 /* CurrencyInputView.swift */ = {isa = PBXFileReference; lastKnownFileType = sourcecode.swift; path = CurrencyInputView.swift; sourceTree = "<group>"; };
		42369D992D7F129300744D95 /* TextFieldCase.swift */ = {isa = PBXFileReference; lastKnownFileType = sourcecode.swift; path = TextFieldCase.swift; sourceTree = "<group>"; };
		423DF4202BD5A1BF00CBB6D5 /* BackgroundGradView.swift */ = {isa = PBXFileReference; lastKnownFileType = sourcecode.swift; path = BackgroundGradView.swift; sourceTree = "<group>"; };
		4241F4702BB1E62E0048A29B /* Country.swift */ = {isa = PBXFileReference; lastKnownFileType = sourcecode.swift; path = Country.swift; sourceTree = "<group>"; };
		4241F47A2BB574FE0048A29B /* HorizontalAlignment+UnderlineLeading.swift */ = {isa = PBXFileReference; lastKnownFileType = sourcecode.swift; path = "HorizontalAlignment+UnderlineLeading.swift"; sourceTree = "<group>"; };
		424275062BA4FF72001873A3 /* Monika.app */ = {isa = PBXFileReference; explicitFileType = wrapper.application; includeInIndex = 0; path = Monika.app; sourceTree = BUILT_PRODUCTS_DIR; };
		424275092BA4FF72001873A3 /* MoneyTrackerApp.swift */ = {isa = PBXFileReference; lastKnownFileType = sourcecode.swift; path = MoneyTrackerApp.swift; sourceTree = "<group>"; };
		4242750B2BA4FF72001873A3 /* ContentView.swift */ = {isa = PBXFileReference; lastKnownFileType = sourcecode.swift; path = ContentView.swift; sourceTree = "<group>"; };
		4242750D2BA4FF73001873A3 /* Assets.xcassets */ = {isa = PBXFileReference; lastKnownFileType = folder.assetcatalog; path = Assets.xcassets; sourceTree = "<group>"; };
		424275102BA4FF73001873A3 /* Preview Assets.xcassets */ = {isa = PBXFileReference; lastKnownFileType = folder.assetcatalog; path = "Preview Assets.xcassets"; sourceTree = "<group>"; };
		424275162BA4FF73001873A3 /* MonikaTests.xctest */ = {isa = PBXFileReference; explicitFileType = wrapper.cfbundle; includeInIndex = 0; path = MonikaTests.xctest; sourceTree = BUILT_PRODUCTS_DIR; };
		4242751A2BA4FF73001873A3 /* MoneyTrackerTests.swift */ = {isa = PBXFileReference; lastKnownFileType = sourcecode.swift; path = MoneyTrackerTests.swift; sourceTree = "<group>"; };
		424275202BA4FF73001873A3 /* MonikaUITests.xctest */ = {isa = PBXFileReference; explicitFileType = wrapper.cfbundle; includeInIndex = 0; path = MonikaUITests.xctest; sourceTree = BUILT_PRODUCTS_DIR; };
		424275242BA4FF73001873A3 /* MoneyTrackerUITests.swift */ = {isa = PBXFileReference; lastKnownFileType = sourcecode.swift; path = MoneyTrackerUITests.swift; sourceTree = "<group>"; };
		424275262BA4FF73001873A3 /* MoneyTrackerUITestsLaunchTests.swift */ = {isa = PBXFileReference; lastKnownFileType = sourcecode.swift; path = MoneyTrackerUITestsLaunchTests.swift; sourceTree = "<group>"; };
		424C60562D83612D00147CB2 /* RecurringUnit.swift */ = {isa = PBXFileReference; lastKnownFileType = sourcecode.swift; path = RecurringUnit.swift; sourceTree = "<group>"; };
		424C60582D83673B00147CB2 /* Record.swift */ = {isa = PBXFileReference; lastKnownFileType = sourcecode.swift; path = Record.swift; sourceTree = "<group>"; };
		424C605A2D846BAC00147CB2 /* HomeViewModel.swift */ = {isa = PBXFileReference; lastKnownFileType = sourcecode.swift; path = HomeViewModel.swift; sourceTree = "<group>"; };
		424C605E2D85817900147CB2 /* ChartHalfDonut.swift */ = {isa = PBXFileReference; lastKnownFileType = sourcecode.swift; path = ChartHalfDonut.swift; sourceTree = "<group>"; };
		424C60602D8581BA00147CB2 /* ChartView.swift */ = {isa = PBXFileReference; lastKnownFileType = sourcecode.swift; path = ChartView.swift; sourceTree = "<group>"; };
		424C60632D85831100147CB2 /* Double+String.swift */ = {isa = PBXFileReference; lastKnownFileType = sourcecode.swift; path = "Double+String.swift"; sourceTree = "<group>"; };
		424EC7B02CA852CF00CF76E2 /* MappingService.swift */ = {isa = PBXFileReference; lastKnownFileType = sourcecode.swift; path = MappingService.swift; sourceTree = "<group>"; };
		424EC7B22CA94E2200CF76E2 /* DataService.swift */ = {isa = PBXFileReference; lastKnownFileType = sourcecode.swift; path = DataService.swift; sourceTree = "<group>"; };
		4251FA4F2BAB94C90087ABE7 /* Views+NavBarTitleColor.swift */ = {isa = PBXFileReference; lastKnownFileType = sourcecode.swift; path = "Views+NavBarTitleColor.swift"; sourceTree = "<group>"; };
		42548AF12C71FB3700C35903 /* TextSmallView.swift */ = {isa = PBXFileReference; lastKnownFileType = sourcecode.swift; path = TextSmallView.swift; sourceTree = "<group>"; };
		4257679F2C2148C90053637A /* CoreDataManager.swift */ = {isa = PBXFileReference; lastKnownFileType = sourcecode.swift; path = CoreDataManager.swift; sourceTree = "<group>"; };
		42580AF72C0CA51E00AC9F58 /* RecurringCategoryCellViewModel.swift */ = {isa = PBXFileReference; lastKnownFileType = sourcecode.swift; path = RecurringCategoryCellViewModel.swift; sourceTree = "<group>"; };
		4268B4882CEF4D99007900C5 /* GenericPickerView.swift */ = {isa = PBXFileReference; lastKnownFileType = sourcecode.swift; path = GenericPickerView.swift; sourceTree = "<group>"; };
		42700AA22C6FB1200022063A /* DateTitleView.swift */ = {isa = PBXFileReference; lastKnownFileType = sourcecode.swift; path = DateTitleView.swift; sourceTree = "<group>"; };
		427A90612D0B6BD800633C5C /* OnboardingBackgroundView.swift */ = {isa = PBXFileReference; lastKnownFileType = sourcecode.swift; path = OnboardingBackgroundView.swift; sourceTree = "<group>"; };
		427A90702D0E29D000633C5C /* HomeView.swift */ = {isa = PBXFileReference; lastKnownFileType = sourcecode.swift; path = HomeView.swift; sourceTree = "<group>"; };
		427A90722D0EDB7800633C5C /* HomeHeaderView.swift */ = {isa = PBXFileReference; lastKnownFileType = sourcecode.swift; path = HomeHeaderView.swift; sourceTree = "<group>"; };
		427A90742D0EE97F00633C5C /* WelcomeView.swift */ = {isa = PBXFileReference; lastKnownFileType = sourcecode.swift; path = WelcomeView.swift; sourceTree = "<group>"; };
		427A90792D0F284600633C5C /* LazyView.swift */ = {isa = PBXFileReference; lastKnownFileType = sourcecode.swift; path = LazyView.swift; sourceTree = "<group>"; };
		427A907E2D0F299400633C5C /* TabItems.swift */ = {isa = PBXFileReference; lastKnownFileType = sourcecode.swift; path = TabItems.swift; sourceTree = "<group>"; };
		427A90802D0F338000633C5C /* SplashScreenView.swift */ = {isa = PBXFileReference; lastKnownFileType = sourcecode.swift; path = SplashScreenView.swift; sourceTree = "<group>"; };
		427A90832D19A3FA00633C5C /* NewRecordView.swift */ = {isa = PBXFileReference; lastKnownFileType = sourcecode.swift; path = NewRecordView.swift; sourceTree = "<group>"; };
		42840CE42C8DD0AE00E62068 /* DatePickerView.swift */ = {isa = PBXFileReference; lastKnownFileType = sourcecode.swift; path = DatePickerView.swift; sourceTree = "<group>"; };
		42840CED2C93258B00E62068 /* DescriptionTextfieldView.swift */ = {isa = PBXFileReference; lastKnownFileType = sourcecode.swift; path = DescriptionTextfieldView.swift; sourceTree = "<group>"; };
		42840CF02C9B312900E62068 /* VibrateService.swift */ = {isa = PBXFileReference; lastKnownFileType = sourcecode.swift; path = VibrateService.swift; sourceTree = "<group>"; };
		42877D8F2D76349700F5EC13 /* SettingsView.swift */ = {isa = PBXFileReference; lastKnownFileType = sourcecode.swift; path = SettingsView.swift; sourceTree = "<group>"; };
		428BE9862CEF764900700550 /* TextLargeView.swift */ = {isa = PBXFileReference; lastKnownFileType = sourcecode.swift; path = TextLargeView.swift; sourceTree = "<group>"; };
		428BE9882CEF868300700550 /* OnboardingViewModel.swift */ = {isa = PBXFileReference; lastKnownFileType = sourcecode.swift; path = OnboardingViewModel.swift; sourceTree = "<group>"; };
		428BE98C2CEF8B8500700550 /* PickerItem.swift */ = {isa = PBXFileReference; lastKnownFileType = sourcecode.swift; path = PickerItem.swift; sourceTree = "<group>"; };
		428BE98F2CF1F60600700550 /* UserPreferences.swift */ = {isa = PBXFileReference; lastKnownFileType = sourcecode.swift; path = UserPreferences.swift; sourceTree = "<group>"; };
		42A264BC2CFCEE4C002BED58 /* Language.swift */ = {isa = PBXFileReference; lastKnownFileType = sourcecode.swift; path = Language.swift; sourceTree = "<group>"; };
		42A264BF2CFDE038002BED58 /* SettingsDetailedListView.swift */ = {isa = PBXFileReference; lastKnownFileType = sourcecode.swift; path = SettingsDetailedListView.swift; sourceTree = "<group>"; };
		42A264C12CFDE1FC002BED58 /* TextCellView.swift */ = {isa = PBXFileReference; lastKnownFileType = sourcecode.swift; path = TextCellView.swift; sourceTree = "<group>"; };
		42AD368A2D895E8E00E78B8F /* PinkActiveButtonView.swift */ = {isa = PBXFileReference; lastKnownFileType = sourcecode.swift; path = PinkActiveButtonView.swift; sourceTree = "<group>"; };
		42AD368C2D89C9AC00E78B8F /* ColorExtension.swift */ = {isa = PBXFileReference; lastKnownFileType = sourcecode.swift; path = ColorExtension.swift; sourceTree = "<group>"; };
		42AD368E2D89D20200E78B8F /* BigIconView.swift */ = {isa = PBXFileReference; lastKnownFileType = sourcecode.swift; path = BigIconView.swift; sourceTree = "<group>"; };
		42AD36902D89D88900E78B8F /* GreyTextView.swift */ = {isa = PBXFileReference; lastKnownFileType = sourcecode.swift; path = GreyTextView.swift; sourceTree = "<group>"; };
		42AD36922D89E0AE00E78B8F /* MoneyTextView.swift */ = {isa = PBXFileReference; lastKnownFileType = sourcecode.swift; path = MoneyTextView.swift; sourceTree = "<group>"; };
		42AD36942D89E38700E78B8F /* BoardView.swift */ = {isa = PBXFileReference; lastKnownFileType = sourcecode.swift; path = BoardView.swift; sourceTree = "<group>"; };
		42B9F0EA2BEA354D00D719E3 /* TextFormatter.swift */ = {isa = PBXFileReference; lastKnownFileType = sourcecode.swift; path = TextFormatter.swift; sourceTree = "<group>"; };
		42B9F1172BF60F2E00D719E3 /* MoneyTrackerDB.xcdatamodel */ = {isa = PBXFileReference; lastKnownFileType = wrapper.xcdatamodel; path = MoneyTrackerDB.xcdatamodel; sourceTree = "<group>"; };
		42B9F1192BF6137000D719E3 /* MoneyTracker+CoreDataClass.swift */ = {isa = PBXFileReference; lastKnownFileType = sourcecode.swift; path = "MoneyTracker+CoreDataClass.swift"; sourceTree = "<group>"; };
		42B9F11B2BF6141600D719E3 /* MoneyTracker+CoreDataProperties.swift */ = {isa = PBXFileReference; lastKnownFileType = sourcecode.swift; path = "MoneyTracker+CoreDataProperties.swift"; sourceTree = "<group>"; };
		42C9EB092C71B4CF00D5D6EA /* TextTitleView.swift */ = {isa = PBXFileReference; lastKnownFileType = sourcecode.swift; path = TextTitleView.swift; sourceTree = "<group>"; };
		42C9EB0B2C71BB8100D5D6EA /* BackgroundRectangleView.swift */ = {isa = PBXFileReference; lastKnownFileType = sourcecode.swift; path = BackgroundRectangleView.swift; sourceTree = "<group>"; };
		42C9EB0D2C71C52100D5D6EA /* DateHeaderView.swift */ = {isa = PBXFileReference; lastKnownFileType = sourcecode.swift; path = DateHeaderView.swift; sourceTree = "<group>"; };
		42C9EB112C71EB5600D5D6EA /* TextView.swift */ = {isa = PBXFileReference; lastKnownFileType = sourcecode.swift; path = TextView.swift; sourceTree = "<group>"; };
		42CA52482C2B52F90024DF8B /* Int+String.swift */ = {isa = PBXFileReference; lastKnownFileType = sourcecode.swift; path = "Int+String.swift"; sourceTree = "<group>"; };
		42CA524A2C2B54900024DF8B /* DetailCellView.swift */ = {isa = PBXFileReference; lastKnownFileType = sourcecode.swift; path = DetailCellView.swift; sourceTree = "<group>"; };
		42CA524C2C2B558C0024DF8B /* IconView_Old.swift */ = {isa = PBXFileReference; lastKnownFileType = sourcecode.swift; path = IconView_Old.swift; sourceTree = "<group>"; };
		42CA52502C2C41D10024DF8B /* HorizontalBudgetBoardView.swift */ = {isa = PBXFileReference; lastKnownFileType = sourcecode.swift; path = HorizontalBudgetBoardView.swift; sourceTree = "<group>"; };
		42CA52582C2C5AF90024DF8B /* Info.plist */ = {isa = PBXFileReference; lastKnownFileType = text.plist; path = Info.plist; sourceTree = "<group>"; };
		42D043362D80265A004F3FC6 /* CategoriesView.swift */ = {isa = PBXFileReference; lastKnownFileType = sourcecode.swift; path = CategoriesView.swift; sourceTree = "<group>"; };
		42D043382D802A57004F3FC6 /* CategoryIconView.swift */ = {isa = PBXFileReference; lastKnownFileType = sourcecode.swift; path = CategoryIconView.swift; sourceTree = "<group>"; };
		42D0433A2D802ABE004F3FC6 /* CategoryLabel.swift */ = {isa = PBXFileReference; lastKnownFileType = sourcecode.swift; path = CategoryLabel.swift; sourceTree = "<group>"; };
		42D0433C2D802B30004F3FC6 /* CategoryRow.swift */ = {isa = PBXFileReference; lastKnownFileType = sourcecode.swift; path = CategoryRow.swift; sourceTree = "<group>"; };
		42D0433E2D802B6D004F3FC6 /* CategoryGroup.swift */ = {isa = PBXFileReference; lastKnownFileType = sourcecode.swift; path = CategoryGroup.swift; sourceTree = "<group>"; };
		42D043402D802BF8004F3FC6 /* Category.swift */ = {isa = PBXFileReference; lastKnownFileType = sourcecode.swift; path = Category.swift; sourceTree = "<group>"; };
		42EF87E62BFB6B3A009E0272 /* BigButtonCategorySelectionView.swift */ = {isa = PBXFileReference; lastKnownFileType = sourcecode.swift; path = BigButtonCategorySelectionView.swift; sourceTree = "<group>"; };
		42EF87EA2BFBEB6D009E0272 /* RecurringCategoryCellView.swift */ = {isa = PBXFileReference; lastKnownFileType = sourcecode.swift; path = RecurringCategoryCellView.swift; sourceTree = "<group>"; };
		42F38FA22BE973AF003644F2 /* CurrencyTextFieldView_OLD.swift */ = {isa = PBXFileReference; lastKnownFileType = sourcecode.swift; path = CurrencyTextFieldView_OLD.swift; sourceTree = "<group>"; };
		42F4FB5E2BF6415D007A580E /* PersistenceController.swift */ = {isa = PBXFileReference; lastKnownFileType = sourcecode.swift; path = PersistenceController.swift; sourceTree = "<group>"; };
		42F8F7252C122C3200C0CE9B /* CalendarManager.swift */ = {isa = PBXFileReference; lastKnownFileType = sourcecode.swift; path = CalendarManager.swift; sourceTree = "<group>"; };
		42F8F73D2C18C2E500C0CE9B /* Date+Extension.swift */ = {isa = PBXFileReference; lastKnownFileType = sourcecode.swift; path = "Date+Extension.swift"; sourceTree = "<group>"; };
/* End PBXFileReference section */

/* Begin PBXFrameworksBuildPhase section */
		424275032BA4FF72001873A3 /* Frameworks */ = {
			isa = PBXFrameworksBuildPhase;
			buildActionMask = 2147483647;
			files = (
			);
			runOnlyForDeploymentPostprocessing = 0;
		};
		424275132BA4FF73001873A3 /* Frameworks */ = {
			isa = PBXFrameworksBuildPhase;
			buildActionMask = 2147483647;
			files = (
			);
			runOnlyForDeploymentPostprocessing = 0;
		};
		4242751D2BA4FF73001873A3 /* Frameworks */ = {
			isa = PBXFrameworksBuildPhase;
			buildActionMask = 2147483647;
			files = (
			);
			runOnlyForDeploymentPostprocessing = 0;
		};
/* End PBXFrameworksBuildPhase section */

/* Begin PBXGroup section */
		421FBDEB2D9ACB1D001D0DDF /* Countries&Currencies */ = {
			isa = PBXGroup;
			children = (
				42203A262CE3D2A200F91C9E /* Currency.swift */,
				42A264BC2CFCEE4C002BED58 /* Language.swift */,
				4241F4702BB1E62E0048A29B /* Country.swift */,
			);
			path = "Countries&Currencies";
			sourceTree = "<group>";
		};
		421FBDF42D9C0083001D0DDF /* ExpensesDetails */ = {
			isa = PBXGroup;
			children = (
				421FBDF52D9C00A2001D0DDF /* ExpensesDetailView.swift */,
				421FBDF72D9C00B3001D0DDF /* ExpensesDetailViewModel.swift */,
			);
			path = ExpensesDetails;
			sourceTree = "<group>";
		};
		42203A212CD4CEBC00F91C9E /* Onboarding */ = {
			isa = PBXGroup;
			children = (
				42203A222CD4CF5600F91C9E /* OnboardingView.swift */,
				428BE9882CEF868300700550 /* OnboardingViewModel.swift */,
			);
			path = Onboarding;
			sourceTree = "<group>";
		};
		42210E582D8045010069A0CD /* Categories */ = {
			isa = PBXGroup;
			children = (
				42D043402D802BF8004F3FC6 /* Category.swift */,
				42210E512D803FF70069A0CD /* CategorySection.swift */,
				42D0433E2D802B6D004F3FC6 /* CategoryGroup.swift */,
			);
			path = Categories;
			sourceTree = "<group>";
		};
		42210E592D8045480069A0CD /* Constants */ = {
			isa = PBXGroup;
			children = (
				421FBDEB2D9ACB1D001D0DDF /* Countries&Currencies */,
				42210E4D2D80354F0069A0CD /* CategoryType.swift */,
				424C60562D83612D00147CB2 /* RecurringUnit.swift */,
				42210E5A2D8045670069A0CD /* CategoryConstants.swift */,
			);
			path = Constants;
			sourceTree = "<group>";
		};
		42369D0D2D7B039500744D95 /* Atoms */ = {
			isa = PBXGroup;
			children = (
				42369D0E2D7B03AB00744D95 /* IconView.swift */,
				42369D112D7B078200744D95 /* TitleForBtnView.swift */,
				42369D132D7B080E00744D95 /* TappableRoundView.swift */,
				42369D1B2D7B2A7700744D95 /* CancelButtonView.swift */,
				42369D1D2D7B2DE500744D95 /* SegmentCtrlTextView.swift */,
				42369D232D7B55C000744D95 /* ArrowBtnView.swift */,
				42369D252D7B568800744D95 /* RecurringFormTxtView.swift */,
				42369D272D7B586200744D95 /* VerticalDividerView.swift */,
				42369D2D2D7B657A00744D95 /* ButtonTitleView.swift */,
				42369D2F2D7B667D00744D95 /* ButtonBackgroundView.swift */,
				42369D312D7B66B600744D95 /* GradientView.swift */,
				42369D332D7B66EC00744D95 /* InnerShadowView.swift */,
				42369D352D7B674700744D95 /* InactiveButtonBackgroundView.swift */,
				42369D3B2D7B783800744D95 /* TextFieldView.swift */,
				42369D3D2D7B78CC00744D95 /* DescriptionBackgroundView.swift */,
				42369D8D2D7F01AE00744D95 /* CurrencyTextView.swift */,
				42369D8F2D7F022B00744D95 /* CurrencyHiddenTextfieldView.swift */,
				42369D912D7F02C500744D95 /* CurrencyLabelView.swift */,
				42D043382D802A57004F3FC6 /* CategoryIconView.swift */,
				42D0433A2D802ABE004F3FC6 /* CategoryLabel.swift */,
				42AD368E2D89D20200E78B8F /* BigIconView.swift */,
				42AD36902D89D88900E78B8F /* GreyTextView.swift */,
				42AD36922D89E0AE00E78B8F /* MoneyTextView.swift */,
			);
			path = Atoms;
			sourceTree = "<group>";
		};
		42369D102D7B05CD00744D95 /* OLD_forRefactoring */ = {
			isa = PBXGroup;
			children = (
				42CA524F2C2C406D0024DF8B /* Today_OLD */,
				42700A9F2C6FADDC0022063A /* ComponentViews_OLD */,
				4251FA4E2BAB94960087ABE7 /* Extensions_OLD */,
				42B9F0E92BEA351100D719E3 /* Helpers */,
			);
			path = OLD_forRefactoring;
			sourceTree = "<group>";
		};
		42369D152D7B09D700744D95 /* Molecules */ = {
			isa = PBXGroup;
			children = (
				42369D162D7B09FA00744D95 /* SelectorContentView.swift */,
				42369D1F2D7B2E4A00744D95 /* SegmentCtrlItemView.swift */,
				42369D292D7B58AB00744D95 /* PlusMinusBtnView.swift */,
				42369D372D7B67B900744D95 /* ButtonContentView.swift */,
				42369D3F2D7B790D00744D95 /* DescriptionInputView.swift */,
				42369D932D7F032300744D95 /* FormattedMoneyAmountView.swift */,
				42369D952D7F038600744D95 /* UserInputMoneyAmountView.swift */,
				42D0433C2D802B30004F3FC6 /* CategoryRow.swift */,
				42AD36942D89E38700E78B8F /* BoardView.swift */,
			);
			path = Molecules;
			sourceTree = "<group>";
		};
		42369D182D7B0B7200744D95 /* Organisms */ = {
			isa = PBXGroup;
			children = (
				42369D192D7B0BE100744D95 /* SelectorButtonView.swift */,
				42369D212D7B2F4C00744D95 /* CustomSegmentedControlView.swift */,
				42369D2B2D7B596000744D95 /* RecurringRangeSelectorView.swift */,
				42369D392D7B684600744D95 /* PinkButtonView.swift */,
				42AD368A2D895E8E00E78B8F /* PinkActiveButtonView.swift */,
				42369D412D7B79CA00744D95 /* DescriptionView.swift */,
				42369D972D7F044B00744D95 /* CurrencyInputView.swift */,
				42210E4F2D8038A20069A0CD /* CategoryList.swift */,
				421FBDEE2D9AF465001D0DDF /* TextHeader.swift */,
			);
			path = Organisms;
			sourceTree = "<group>";
		};
		424274FD2BA4FF71001873A3 = {
			isa = PBXGroup;
			children = (
				424275082BA4FF72001873A3 /* MoneyTracker */,
				424275192BA4FF73001873A3 /* MoneyTrackerTests */,
				424275232BA4FF73001873A3 /* MoneyTrackerUITests */,
				424275072BA4FF72001873A3 /* Products */,
			);
			sourceTree = "<group>";
		};
		424275072BA4FF72001873A3 /* Products */ = {
			isa = PBXGroup;
			children = (
				424275062BA4FF72001873A3 /* Monika.app */,
				424275162BA4FF73001873A3 /* MonikaTests.xctest */,
				424275202BA4FF73001873A3 /* MonikaUITests.xctest */,
			);
			name = Products;
			sourceTree = "<group>";
		};
		424275082BA4FF72001873A3 /* MoneyTracker */ = {
			isa = PBXGroup;
			children = (
				42CA52582C2C5AF90024DF8B /* Info.plist */,
				424275092BA4FF72001873A3 /* MoneyTrackerApp.swift */,
				4242750B2BA4FF72001873A3 /* ContentView.swift */,
				427A90802D0F338000633C5C /* SplashScreenView.swift */,
				427A907B2D0F28F200633C5C /* TabBar */,
				428BE98E2CF1F5CD00700550 /* UserPreferences */,
				42B9F1152BF60F0600D719E3 /* MoneyTrackerDB */,
				424275342BA503BF001873A3 /* Models */,
				42210E592D8045480069A0CD /* Constants */,
				424C60622D8582F800147CB2 /* Extensions */,
				427A90632D0B8A7200633C5C /* Components */,
				42203A212CD4CEBC00F91C9E /* Onboarding */,
				427A906F2D0E29B300633C5C /* Home */,
				427A90822D19A3CA00633C5C /* NewRecord */,
				421FBDF42D9C0083001D0DDF /* ExpensesDetails */,
				42D043352D802639004F3FC6 /* Categories */,
				42D043422D803008004F3FC6 /* Calendar */,
				42A264B92CFCD10F002BED58 /* Settings */,
				42840CEF2C9B30D100E62068 /* Actions */,
				428BE98B2CEF8B6900700550 /* Protocols */,
				42369D102D7B05CD00744D95 /* OLD_forRefactoring */,
				4242750D2BA4FF73001873A3 /* Assets.xcassets */,
				4242750F2BA4FF73001873A3 /* Preview Content */,
			);
			path = MoneyTracker;
			sourceTree = "<group>";
		};
		4242750F2BA4FF73001873A3 /* Preview Content */ = {
			isa = PBXGroup;
			children = (
				424275102BA4FF73001873A3 /* Preview Assets.xcassets */,
			);
			path = "Preview Content";
			sourceTree = "<group>";
		};
		424275192BA4FF73001873A3 /* MoneyTrackerTests */ = {
			isa = PBXGroup;
			children = (
				4242751A2BA4FF73001873A3 /* MoneyTrackerTests.swift */,
			);
			path = MoneyTrackerTests;
			sourceTree = "<group>";
		};
		424275232BA4FF73001873A3 /* MoneyTrackerUITests */ = {
			isa = PBXGroup;
			children = (
				424275242BA4FF73001873A3 /* MoneyTrackerUITests.swift */,
				424275262BA4FF73001873A3 /* MoneyTrackerUITestsLaunchTests.swift */,
			);
			path = MoneyTrackerUITests;
			sourceTree = "<group>";
		};
		424275342BA503BF001873A3 /* Models */ = {
			isa = PBXGroup;
			children = (
				42369D992D7F129300744D95 /* TextFieldCase.swift */,
				42210E5C2D804B990069A0CD /* TextfieldInputCase.swift */,
				424C60582D83673B00147CB2 /* Record.swift */,
				421FBDF22D9B0995001D0DDF /* ShortRecordForm.swift */,
				42210E582D8045010069A0CD /* Categories */,
			);
			path = Models;
			sourceTree = "<group>";
		};
		424C60622D8582F800147CB2 /* Extensions */ = {
			isa = PBXGroup;
			children = (
				424C60632D85831100147CB2 /* Double+String.swift */,
				42AD368C2D89C9AC00E78B8F /* ColorExtension.swift */,
				421FBDE92D9ABCD5001D0DDF /* Int+Double.swift */,
			);
			path = Extensions;
			sourceTree = "<group>";
		};
		424EC7B42CA94E3300CF76E2 /* Services */ = {
			isa = PBXGroup;
			children = (
				424EC7B22CA94E2200CF76E2 /* DataService.swift */,
				424EC7B02CA852CF00CF76E2 /* MappingService.swift */,
			);
			path = Services;
			sourceTree = "<group>";
		};
		4251FA4E2BAB94960087ABE7 /* Extensions_OLD */ = {
			isa = PBXGroup;
			children = (
				4251FA4F2BAB94C90087ABE7 /* Views+NavBarTitleColor.swift */,
				4241F47A2BB574FE0048A29B /* HorizontalAlignment+UnderlineLeading.swift */,
				422E82CF2BF6BF5B00139B94 /* String+Extension.swift */,
				42F8F73D2C18C2E500C0CE9B /* Date+Extension.swift */,
				42CA52482C2B52F90024DF8B /* Int+String.swift */,
			);
			path = Extensions_OLD;
			sourceTree = "<group>";
		};
		42580AF62C0CA4E400AC9F58 /* RecurringCell */ = {
			isa = PBXGroup;
			children = (
				42EF87EA2BFBEB6D009E0272 /* RecurringCategoryCellView.swift */,
				42580AF72C0CA51E00AC9F58 /* RecurringCategoryCellViewModel.swift */,
			);
			path = RecurringCell;
			sourceTree = "<group>";
		};
		42700A9F2C6FADDC0022063A /* ComponentViews_OLD */ = {
			isa = PBXGroup;
			children = (
				428BE9852CEF748400700550 /* Buttons */,
				428BE9842CEF745E00700550 /* Pickers */,
				428BE9832CEF743700700550 /* DateViews */,
				428BE9822CEF741300700550 /* TextViews */,
				42CA524E2C2C40210024DF8B /* Cells */,
				42CA52502C2C41D10024DF8B /* HorizontalBudgetBoardView.swift */,
				42CA524C2C2B558C0024DF8B /* IconView_Old.swift */,
				423DF4202BD5A1BF00CBB6D5 /* BackgroundGradView.swift */,
				42F38FA22BE973AF003644F2 /* CurrencyTextFieldView_OLD.swift */,
				42C9EB0B2C71BB8100D5D6EA /* BackgroundRectangleView.swift */,
				42840CED2C93258B00E62068 /* DescriptionTextfieldView.swift */,
				42A264C12CFDE1FC002BED58 /* TextCellView.swift */,
			);
			path = ComponentViews_OLD;
			sourceTree = "<group>";
		};
		427A90632D0B8A7200633C5C /* Components */ = {
			isa = PBXGroup;
			children = (
				42369D0D2D7B039500744D95 /* Atoms */,
				42369D152D7B09D700744D95 /* Molecules */,
				42369D182D7B0B7200744D95 /* Organisms */,
				427A90612D0B6BD800633C5C /* OnboardingBackgroundView.swift */,
				427A90722D0EDB7800633C5C /* HomeHeaderView.swift */,
				427A90742D0EE97F00633C5C /* WelcomeView.swift */,
				427A90792D0F284600633C5C /* LazyView.swift */,
				421FBDF02D9AF528001D0DDF /* RecordCell.swift */,
				4283BEB62D8727DE00C282A5 /* Chart */,
				420F1F4E2DA2A7040026D546 /* SwipeToDeleteRow.swift */,
			);
			path = Components;
			sourceTree = "<group>";
		};
		427A906F2D0E29B300633C5C /* Home */ = {
			isa = PBXGroup;
			children = (
				427A90702D0E29D000633C5C /* HomeView.swift */,
				424C605A2D846BAC00147CB2 /* HomeViewModel.swift */,
			);
			path = Home;
			sourceTree = "<group>";
		};
		427A907B2D0F28F200633C5C /* TabBar */ = {
			isa = PBXGroup;
			children = (
				427A907E2D0F299400633C5C /* TabItems.swift */,
			);
			path = TabBar;
			sourceTree = "<group>";
		};
		427A90822D19A3CA00633C5C /* NewRecord */ = {
			isa = PBXGroup;
			children = (
				427A90832D19A3FA00633C5C /* NewRecordView.swift */,
				422F56D42D1A103000CC3BD7 /* NewRecordViewModel.swift */,
			);
			path = NewRecord;
			sourceTree = "<group>";
		};
		4283BEB62D8727DE00C282A5 /* Chart */ = {
			isa = PBXGroup;
			children = (
				424C605E2D85817900147CB2 /* ChartHalfDonut.swift */,
				424C60602D8581BA00147CB2 /* ChartView.swift */,
			);
			path = Chart;
			sourceTree = "<group>";
		};
		42840CEF2C9B30D100E62068 /* Actions */ = {
			isa = PBXGroup;
			children = (
				42840CF02C9B312900E62068 /* VibrateService.swift */,
			);
			path = Actions;
			sourceTree = "<group>";
		};
		428BE9822CEF741300700550 /* TextViews */ = {
			isa = PBXGroup;
			children = (
				42C9EB092C71B4CF00D5D6EA /* TextTitleView.swift */,
				4205FFFC2C713AED0045486B /* TextHeaderView.swift */,
				42C9EB112C71EB5600D5D6EA /* TextView.swift */,
				42548AF12C71FB3700C35903 /* TextSmallView.swift */,
				428BE9862CEF764900700550 /* TextLargeView.swift */,
			);
			path = TextViews;
			sourceTree = "<group>";
		};
		428BE9832CEF743700700550 /* DateViews */ = {
			isa = PBXGroup;
			children = (
				42C9EB0D2C71C52100D5D6EA /* DateHeaderView.swift */,
				42700AA22C6FB1200022063A /* DateTitleView.swift */,
			);
			path = DateViews;
			sourceTree = "<group>";
		};
		428BE9842CEF745E00700550 /* Pickers */ = {
			isa = PBXGroup;
			children = (
				42840CE42C8DD0AE00E62068 /* DatePickerView.swift */,
				4268B4882CEF4D99007900C5 /* GenericPickerView.swift */,
			);
			path = Pickers;
			sourceTree = "<group>";
		};
		428BE9852CEF748400700550 /* Buttons */ = {
			isa = PBXGroup;
			children = (
				42EF87E62BFB6B3A009E0272 /* BigButtonCategorySelectionView.swift */,
			);
			path = Buttons;
			sourceTree = "<group>";
		};
		428BE98B2CEF8B6900700550 /* Protocols */ = {
			isa = PBXGroup;
			children = (
				428BE98C2CEF8B8500700550 /* PickerItem.swift */,
			);
			path = Protocols;
			sourceTree = "<group>";
		};
		428BE98E2CF1F5CD00700550 /* UserPreferences */ = {
			isa = PBXGroup;
			children = (
				428BE98F2CF1F60600700550 /* UserPreferences.swift */,
			);
			path = UserPreferences;
			sourceTree = "<group>";
		};
		42A264B92CFCD10F002BED58 /* Settings */ = {
			isa = PBXGroup;
			children = (
				42A264BF2CFDE038002BED58 /* SettingsDetailedListView.swift */,
				42877D8F2D76349700F5EC13 /* SettingsView.swift */,
			);
			path = Settings;
			sourceTree = "<group>";
		};
		42B9F0E92BEA351100D719E3 /* Helpers */ = {
			isa = PBXGroup;
			children = (
				42B9F0EA2BEA354D00D719E3 /* TextFormatter.swift */,
				42F8F7252C122C3200C0CE9B /* CalendarManager.swift */,
			);
			path = Helpers;
			sourceTree = "<group>";
		};
		42B9F1152BF60F0600D719E3 /* MoneyTrackerDB */ = {
			isa = PBXGroup;
			children = (
				42F4FB5E2BF6415D007A580E /* PersistenceController.swift */,
				4257679F2C2148C90053637A /* CoreDataManager.swift */,
				42B9F1162BF60F2E00D719E3 /* MoneyTrackerDB.xcdatamodeld */,
				424EC7B42CA94E3300CF76E2 /* Services */,
				42F8F7302C1487DB00C0CE9B /* MoneyEntity */,
			);
			path = MoneyTrackerDB;
			sourceTree = "<group>";
		};
		42CA524E2C2C40210024DF8B /* Cells */ = {
			isa = PBXGroup;
			children = (
				42CA524A2C2B54900024DF8B /* DetailCellView.swift */,
				42580AF62C0CA4E400AC9F58 /* RecurringCell */,
			);
			path = Cells;
			sourceTree = "<group>";
		};
		42CA524F2C2C406D0024DF8B /* Today_OLD */ = {
			isa = PBXGroup;
			children = (
			);
			path = Today_OLD;
			sourceTree = "<group>";
		};
		42D043352D802639004F3FC6 /* Categories */ = {
			isa = PBXGroup;
			children = (
				42D043362D80265A004F3FC6 /* CategoriesView.swift */,
			);
			path = Categories;
			sourceTree = "<group>";
		};
		42D043422D803008004F3FC6 /* Calendar */ = {
			isa = PBXGroup;
			children = (
				42210E4A2D8033FD0069A0CD /* CalendarView.swift */,
			);
			path = Calendar;
			sourceTree = "<group>";
		};
		42F8F7302C1487DB00C0CE9B /* MoneyEntity */ = {
			isa = PBXGroup;
			children = (
				42B9F1192BF6137000D719E3 /* MoneyTracker+CoreDataClass.swift */,
				42B9F11B2BF6141600D719E3 /* MoneyTracker+CoreDataProperties.swift */,
			);
			path = MoneyEntity;
			sourceTree = "<group>";
		};
/* End PBXGroup section */

/* Begin PBXNativeTarget section */
		424275052BA4FF72001873A3 /* Monika */ = {
			isa = PBXNativeTarget;
			buildConfigurationList = 4242752A2BA4FF73001873A3 /* Build configuration list for PBXNativeTarget "Monika" */;
			buildPhases = (
				424275022BA4FF72001873A3 /* Sources */,
				424275032BA4FF72001873A3 /* Frameworks */,
				424275042BA4FF72001873A3 /* Resources */,
			);
			buildRules = (
			);
			dependencies = (
			);
			name = Monika;
			productName = MoneyTracker;
			productReference = 424275062BA4FF72001873A3 /* Monika.app */;
			productType = "com.apple.product-type.application";
		};
		424275152BA4FF73001873A3 /* MonikaTests */ = {
			isa = PBXNativeTarget;
			buildConfigurationList = 4242752D2BA4FF73001873A3 /* Build configuration list for PBXNativeTarget "MonikaTests" */;
			buildPhases = (
				424275122BA4FF73001873A3 /* Sources */,
				424275132BA4FF73001873A3 /* Frameworks */,
				424275142BA4FF73001873A3 /* Resources */,
			);
			buildRules = (
			);
			dependencies = (
				424275182BA4FF73001873A3 /* PBXTargetDependency */,
			);
			name = MonikaTests;
			productName = MoneyTrackerTests;
			productReference = 424275162BA4FF73001873A3 /* MonikaTests.xctest */;
			productType = "com.apple.product-type.bundle.unit-test";
		};
		4242751F2BA4FF73001873A3 /* MonikaUITests */ = {
			isa = PBXNativeTarget;
			buildConfigurationList = 424275302BA4FF73001873A3 /* Build configuration list for PBXNativeTarget "MonikaUITests" */;
			buildPhases = (
				4242751C2BA4FF73001873A3 /* Sources */,
				4242751D2BA4FF73001873A3 /* Frameworks */,
				4242751E2BA4FF73001873A3 /* Resources */,
			);
			buildRules = (
			);
			dependencies = (
				424275222BA4FF73001873A3 /* PBXTargetDependency */,
			);
			name = MonikaUITests;
			productName = MoneyTrackerUITests;
			productReference = 424275202BA4FF73001873A3 /* MonikaUITests.xctest */;
			productType = "com.apple.product-type.bundle.ui-testing";
		};
/* End PBXNativeTarget section */

/* Begin PBXProject section */
		424274FE2BA4FF71001873A3 /* Project object */ = {
			isa = PBXProject;
			attributes = {
				BuildIndependentTargetsInParallel = 1;
				LastSwiftUpdateCheck = 1500;
				LastUpgradeCheck = 1500;
				TargetAttributes = {
					424275052BA4FF72001873A3 = {
						CreatedOnToolsVersion = 15.0.1;
					};
					424275152BA4FF73001873A3 = {
						CreatedOnToolsVersion = 15.0.1;
						TestTargetID = 424275052BA4FF72001873A3;
					};
					4242751F2BA4FF73001873A3 = {
						CreatedOnToolsVersion = 15.0.1;
						TestTargetID = 424275052BA4FF72001873A3;
					};
				};
			};
			buildConfigurationList = 424275012BA4FF71001873A3 /* Build configuration list for PBXProject "Monika" */;
			compatibilityVersion = "Xcode 14.0";
			developmentRegion = en;
			hasScannedForEncodings = 0;
			knownRegions = (
				en,
				Base,
			);
			mainGroup = 424274FD2BA4FF71001873A3;
			productRefGroup = 424275072BA4FF72001873A3 /* Products */;
			projectDirPath = "";
			projectRoot = "";
			targets = (
				424275052BA4FF72001873A3 /* Monika */,
				424275152BA4FF73001873A3 /* MonikaTests */,
				4242751F2BA4FF73001873A3 /* MonikaUITests */,
			);
		};
/* End PBXProject section */

/* Begin PBXResourcesBuildPhase section */
		424275042BA4FF72001873A3 /* Resources */ = {
			isa = PBXResourcesBuildPhase;
			buildActionMask = 2147483647;
			files = (
				424275112BA4FF73001873A3 /* Preview Assets.xcassets in Resources */,
				4242750E2BA4FF73001873A3 /* Assets.xcassets in Resources */,
			);
			runOnlyForDeploymentPostprocessing = 0;
		};
		424275142BA4FF73001873A3 /* Resources */ = {
			isa = PBXResourcesBuildPhase;
			buildActionMask = 2147483647;
			files = (
			);
			runOnlyForDeploymentPostprocessing = 0;
		};
		4242751E2BA4FF73001873A3 /* Resources */ = {
			isa = PBXResourcesBuildPhase;
			buildActionMask = 2147483647;
			files = (
			);
			runOnlyForDeploymentPostprocessing = 0;
		};
/* End PBXResourcesBuildPhase section */

/* Begin PBXSourcesBuildPhase section */
		424275022BA4FF72001873A3 /* Sources */ = {
			isa = PBXSourcesBuildPhase;
			buildActionMask = 2147483647;
			files = (
				422F56D52D1A103000CC3BD7 /* NewRecordViewModel.swift in Sources */,
				424C60592D83673B00147CB2 /* Record.swift in Sources */,
				423DF4212BD5A1BF00CBB6D5 /* BackgroundGradView.swift in Sources */,
				4241F47B2BB574FE0048A29B /* HorizontalAlignment+UnderlineLeading.swift in Sources */,
				42369D402D7B790D00744D95 /* DescriptionInputView.swift in Sources */,
				42369D942D7F032300744D95 /* FormattedMoneyAmountView.swift in Sources */,
				42203A272CE3D2A200F91C9E /* Currency.swift in Sources */,
				42D043412D802BF8004F3FC6 /* Category.swift in Sources */,
				42C9EB0E2C71C52100D5D6EA /* DateHeaderView.swift in Sources */,
				428BE9902CF1F60600700550 /* UserPreferences.swift in Sources */,
				42700AA32C6FB1200022063A /* DateTitleView.swift in Sources */,
				42D0433F2D802B6D004F3FC6 /* CategoryGroup.swift in Sources */,
				427A907F2D0F299400633C5C /* TabItems.swift in Sources */,
				420F1F4F2DA2A7040026D546 /* SwipeToDeleteRow.swift in Sources */,
				42369D922D7F02C500744D95 /* CurrencyLabelView.swift in Sources */,
				42369D1C2D7B2A7700744D95 /* CancelButtonView.swift in Sources */,
				421FBDF32D9B0995001D0DDF /* ShortRecordForm.swift in Sources */,
				42CA524D2C2B558C0024DF8B /* IconView_Old.swift in Sources */,
				42369D282D7B586200744D95 /* VerticalDividerView.swift in Sources */,
				42369D1E2D7B2DE500744D95 /* SegmentCtrlTextView.swift in Sources */,
				42C9EB122C71EB5600D5D6EA /* TextView.swift in Sources */,
				427A90812D0F338000633C5C /* SplashScreenView.swift in Sources */,
				42203A232CD4CF5700F91C9E /* OnboardingView.swift in Sources */,
				424EC7B32CA94E2200CF76E2 /* DataService.swift in Sources */,
				421FBDF62D9C00A2001D0DDF /* ExpensesDetailView.swift in Sources */,
				42CA52492C2B52F90024DF8B /* Int+String.swift in Sources */,
				42210E522D803FF70069A0CD /* CategorySection.swift in Sources */,
				424C605F2D85817900147CB2 /* ChartHalfDonut.swift in Sources */,
				42D043372D80265A004F3FC6 /* CategoriesView.swift in Sources */,
				42F4FB5F2BF6415D007A580E /* PersistenceController.swift in Sources */,
				42A264BD2CFCEE4C002BED58 /* Language.swift in Sources */,
				42210E4B2D8033FD0069A0CD /* CalendarView.swift in Sources */,
				427A90732D0EDB7800633C5C /* HomeHeaderView.swift in Sources */,
				424C605B2D846BAC00147CB2 /* HomeViewModel.swift in Sources */,
				42369D122D7B078200744D95 /* TitleForBtnView.swift in Sources */,
				42369D172D7B09FA00744D95 /* SelectorContentView.swift in Sources */,
				42CA524B2C2B54900024DF8B /* DetailCellView.swift in Sources */,
				42369D362D7B674700744D95 /* InactiveButtonBackgroundView.swift in Sources */,
				42A264C02CFDE038002BED58 /* SettingsDetailedListView.swift in Sources */,
				42369D142D7B080E00744D95 /* TappableRoundView.swift in Sources */,
				42AD36952D89E38700E78B8F /* BoardView.swift in Sources */,
				428BE98D2CEF8B8500700550 /* PickerItem.swift in Sources */,
				422E82D02BF6BF5B00139B94 /* String+Extension.swift in Sources */,
				4242750C2BA4FF72001873A3 /* ContentView.swift in Sources */,
				42369D422D7B79CA00744D95 /* DescriptionView.swift in Sources */,
				42B9F1182BF60F2E00D719E3 /* MoneyTrackerDB.xcdatamodeld in Sources */,
				427A907A2D0F284600633C5C /* LazyView.swift in Sources */,
				42AD36932D89E0AE00E78B8F /* MoneyTextView.swift in Sources */,
				42369D9A2D7F129400744D95 /* TextFieldCase.swift in Sources */,
				42EF87EB2BFBEB6D009E0272 /* RecurringCategoryCellView.swift in Sources */,
				42B9F11C2BF6141600D719E3 /* MoneyTracker+CoreDataProperties.swift in Sources */,
				42369D322D7B66B600744D95 /* GradientView.swift in Sources */,
				4205FFFD2C713AED0045486B /* TextHeaderView.swift in Sources */,
				42A264C22CFDE1FC002BED58 /* TextCellView.swift in Sources */,
				42210E502D8038A20069A0CD /* CategoryList.swift in Sources */,
				42D043392D802A57004F3FC6 /* CategoryIconView.swift in Sources */,
				42369D2A2D7B58AB00744D95 /* PlusMinusBtnView.swift in Sources */,
				42AD36912D89D88900E78B8F /* GreyTextView.swift in Sources */,
				42369D902D7F022B00744D95 /* CurrencyHiddenTextfieldView.swift in Sources */,
				42369D2C2D7B596000744D95 /* RecurringRangeSelectorView.swift in Sources */,
				427A90752D0EE97F00633C5C /* WelcomeView.swift in Sources */,
				42C9EB0C2C71BB8100D5D6EA /* BackgroundRectangleView.swift in Sources */,
				421FBDEA2D9ABCD5001D0DDF /* Int+Double.swift in Sources */,
				42210E5D2D804B990069A0CD /* TextfieldInputCase.swift in Sources */,
				42369D342D7B66EC00744D95 /* InnerShadowView.swift in Sources */,
				42AD368D2D89C9AC00E78B8F /* ColorExtension.swift in Sources */,
				4251FA502BAB94C90087ABE7 /* Views+NavBarTitleColor.swift in Sources */,
				42AD368B2D895E8E00E78B8F /* PinkActiveButtonView.swift in Sources */,
				42B9F0EB2BEA354D00D719E3 /* TextFormatter.swift in Sources */,
				42369D222D7B2F4C00744D95 /* CustomSegmentedControlView.swift in Sources */,
				4241F4712BB1E62E0048A29B /* Country.swift in Sources */,
				42369D3A2D7B684600744D95 /* PinkButtonView.swift in Sources */,
				42840CE52C8DD0AE00E62068 /* DatePickerView.swift in Sources */,
				421FBDF82D9C00B3001D0DDF /* ExpensesDetailViewModel.swift in Sources */,
				42EF87E72BFB6B3A009E0272 /* BigButtonCategorySelectionView.swift in Sources */,
				42210E4E2D80354F0069A0CD /* CategoryType.swift in Sources */,
				42D0433B2D802ABE004F3FC6 /* CategoryLabel.swift in Sources */,
				427A90712D0E29D000633C5C /* HomeView.swift in Sources */,
				428BE9892CEF868300700550 /* OnboardingViewModel.swift in Sources */,
				4242750A2BA4FF72001873A3 /* MoneyTrackerApp.swift in Sources */,
				427A90842D19A3FA00633C5C /* NewRecordView.swift in Sources */,
				42369D3C2D7B783800744D95 /* TextFieldView.swift in Sources */,
				42840CEE2C93258B00E62068 /* DescriptionTextfieldView.swift in Sources */,
				421FBDF12D9AF528001D0DDF /* RecordCell.swift in Sources */,
				42548AF22C71FB3700C35903 /* TextSmallView.swift in Sources */,
				42369D3E2D7B78CC00744D95 /* DescriptionBackgroundView.swift in Sources */,
				42C9EB0A2C71B4CF00D5D6EA /* TextTitleView.swift in Sources */,
				424C60572D83612D00147CB2 /* RecurringUnit.swift in Sources */,
				421FBDEF2D9AF465001D0DDF /* TextHeader.swift in Sources */,
				424C60642D85831100147CB2 /* Double+String.swift in Sources */,
				42210E5B2D8045670069A0CD /* CategoryConstants.swift in Sources */,
				42369D8E2D7F01AE00744D95 /* CurrencyTextView.swift in Sources */,
				42D0433D2D802B30004F3FC6 /* CategoryRow.swift in Sources */,
				42F8F7262C122C3200C0CE9B /* CalendarManager.swift in Sources */,
				42840CF12C9B312900E62068 /* VibrateService.swift in Sources */,
				42F8F73E2C18C2E500C0CE9B /* Date+Extension.swift in Sources */,
				42AD368F2D89D20200E78B8F /* BigIconView.swift in Sources */,
				42369D1A2D7B0BE100744D95 /* SelectorButtonView.swift in Sources */,
				42369D202D7B2E4B00744D95 /* SegmentCtrlItemView.swift in Sources */,
				42877D902D76349700F5EC13 /* SettingsView.swift in Sources */,
				42580AF82C0CA51E00AC9F58 /* RecurringCategoryCellViewModel.swift in Sources */,
				42CA52512C2C41D10024DF8B /* HorizontalBudgetBoardView.swift in Sources */,
				428BE9872CEF764900700550 /* TextLargeView.swift in Sources */,
				42B9F11A2BF6137000D719E3 /* MoneyTracker+CoreDataClass.swift in Sources */,
				4268B4892CEF4D99007900C5 /* GenericPickerView.swift in Sources */,
				42F38FA32BE973AF003644F2 /* CurrencyTextFieldView_OLD.swift in Sources */,
				42369D0F2D7B03AB00744D95 /* IconView.swift in Sources */,
				42369D262D7B568800744D95 /* RecurringFormTxtView.swift in Sources */,
				425767A02C2148C90053637A /* CoreDataManager.swift in Sources */,
				424EC7B12CA852CF00CF76E2 /* MappingService.swift in Sources */,
				42369D982D7F044B00744D95 /* CurrencyInputView.swift in Sources */,
				42369D962D7F038600744D95 /* UserInputMoneyAmountView.swift in Sources */,
				42369D302D7B667D00744D95 /* ButtonBackgroundView.swift in Sources */,
				42369D382D7B67B900744D95 /* ButtonContentView.swift in Sources */,
				42369D2E2D7B657A00744D95 /* ButtonTitleView.swift in Sources */,
				424C60612D8581BA00147CB2 /* ChartView.swift in Sources */,
				427A90622D0B6BD800633C5C /* OnboardingBackgroundView.swift in Sources */,
				42369D242D7B55C000744D95 /* ArrowBtnView.swift in Sources */,
			);
			runOnlyForDeploymentPostprocessing = 0;
		};
		424275122BA4FF73001873A3 /* Sources */ = {
			isa = PBXSourcesBuildPhase;
			buildActionMask = 2147483647;
			files = (
				4242751B2BA4FF73001873A3 /* MoneyTrackerTests.swift in Sources */,
			);
			runOnlyForDeploymentPostprocessing = 0;
		};
		4242751C2BA4FF73001873A3 /* Sources */ = {
			isa = PBXSourcesBuildPhase;
			buildActionMask = 2147483647;
			files = (
				424275272BA4FF73001873A3 /* MoneyTrackerUITestsLaunchTests.swift in Sources */,
				424275252BA4FF73001873A3 /* MoneyTrackerUITests.swift in Sources */,
			);
			runOnlyForDeploymentPostprocessing = 0;
		};
/* End PBXSourcesBuildPhase section */

/* Begin PBXTargetDependency section */
		424275182BA4FF73001873A3 /* PBXTargetDependency */ = {
			isa = PBXTargetDependency;
			target = 424275052BA4FF72001873A3 /* Monika */;
			targetProxy = 424275172BA4FF73001873A3 /* PBXContainerItemProxy */;
		};
		424275222BA4FF73001873A3 /* PBXTargetDependency */ = {
			isa = PBXTargetDependency;
			target = 424275052BA4FF72001873A3 /* Monika */;
			targetProxy = 424275212BA4FF73001873A3 /* PBXContainerItemProxy */;
		};
/* End PBXTargetDependency section */

/* Begin XCBuildConfiguration section */
		424275282BA4FF73001873A3 /* Debug */ = {
			isa = XCBuildConfiguration;
			buildSettings = {
				ALWAYS_SEARCH_USER_PATHS = NO;
				ASSETCATALOG_COMPILER_GENERATE_SWIFT_ASSET_SYMBOL_EXTENSIONS = YES;
				CLANG_ANALYZER_NONNULL = YES;
				CLANG_ANALYZER_NUMBER_OBJECT_CONVERSION = YES_AGGRESSIVE;
				CLANG_CXX_LANGUAGE_STANDARD = "gnu++20";
				CLANG_ENABLE_MODULES = YES;
				CLANG_ENABLE_OBJC_ARC = YES;
				CLANG_ENABLE_OBJC_WEAK = YES;
				CLANG_WARN_BLOCK_CAPTURE_AUTORELEASING = YES;
				CLANG_WARN_BOOL_CONVERSION = YES;
				CLANG_WARN_COMMA = YES;
				CLANG_WARN_CONSTANT_CONVERSION = YES;
				CLANG_WARN_DEPRECATED_OBJC_IMPLEMENTATIONS = YES;
				CLANG_WARN_DIRECT_OBJC_ISA_USAGE = YES_ERROR;
				CLANG_WARN_DOCUMENTATION_COMMENTS = YES;
				CLANG_WARN_EMPTY_BODY = YES;
				CLANG_WARN_ENUM_CONVERSION = YES;
				CLANG_WARN_INFINITE_RECURSION = YES;
				CLANG_WARN_INT_CONVERSION = YES;
				CLANG_WARN_NON_LITERAL_NULL_CONVERSION = YES;
				CLANG_WARN_OBJC_IMPLICIT_RETAIN_SELF = YES;
				CLANG_WARN_OBJC_LITERAL_CONVERSION = YES;
				CLANG_WARN_OBJC_ROOT_CLASS = YES_ERROR;
				CLANG_WARN_QUOTED_INCLUDE_IN_FRAMEWORK_HEADER = YES;
				CLANG_WARN_RANGE_LOOP_ANALYSIS = YES;
				CLANG_WARN_STRICT_PROTOTYPES = YES;
				CLANG_WARN_SUSPICIOUS_MOVE = YES;
				CLANG_WARN_UNGUARDED_AVAILABILITY = YES_AGGRESSIVE;
				CLANG_WARN_UNREACHABLE_CODE = YES;
				CLANG_WARN__DUPLICATE_METHOD_MATCH = YES;
				COPY_PHASE_STRIP = NO;
				DEBUG_INFORMATION_FORMAT = dwarf;
				ENABLE_STRICT_OBJC_MSGSEND = YES;
				ENABLE_TESTABILITY = YES;
				ENABLE_USER_SCRIPT_SANDBOXING = YES;
				GCC_C_LANGUAGE_STANDARD = gnu17;
				GCC_DYNAMIC_NO_PIC = NO;
				GCC_NO_COMMON_BLOCKS = YES;
				GCC_OPTIMIZATION_LEVEL = 0;
				GCC_PREPROCESSOR_DEFINITIONS = (
					"DEBUG=1",
					"$(inherited)",
				);
				GCC_WARN_64_TO_32_BIT_CONVERSION = YES;
				GCC_WARN_ABOUT_RETURN_TYPE = YES_ERROR;
				GCC_WARN_UNDECLARED_SELECTOR = YES;
				GCC_WARN_UNINITIALIZED_AUTOS = YES_AGGRESSIVE;
				GCC_WARN_UNUSED_FUNCTION = YES;
				GCC_WARN_UNUSED_VARIABLE = YES;
				IPHONEOS_DEPLOYMENT_TARGET = 17.0;
				LOCALIZATION_PREFERS_STRING_CATALOGS = YES;
				MTL_ENABLE_DEBUG_INFO = INCLUDE_SOURCE;
				MTL_FAST_MATH = YES;
				ONLY_ACTIVE_ARCH = YES;
				SDKROOT = iphoneos;
				SWIFT_ACTIVE_COMPILATION_CONDITIONS = "DEBUG $(inherited)";
				SWIFT_OPTIMIZATION_LEVEL = "-Onone";
			};
			name = Debug;
		};
		424275292BA4FF73001873A3 /* Release */ = {
			isa = XCBuildConfiguration;
			buildSettings = {
				ALWAYS_SEARCH_USER_PATHS = NO;
				ASSETCATALOG_COMPILER_GENERATE_SWIFT_ASSET_SYMBOL_EXTENSIONS = YES;
				CLANG_ANALYZER_NONNULL = YES;
				CLANG_ANALYZER_NUMBER_OBJECT_CONVERSION = YES_AGGRESSIVE;
				CLANG_CXX_LANGUAGE_STANDARD = "gnu++20";
				CLANG_ENABLE_MODULES = YES;
				CLANG_ENABLE_OBJC_ARC = YES;
				CLANG_ENABLE_OBJC_WEAK = YES;
				CLANG_WARN_BLOCK_CAPTURE_AUTORELEASING = YES;
				CLANG_WARN_BOOL_CONVERSION = YES;
				CLANG_WARN_COMMA = YES;
				CLANG_WARN_CONSTANT_CONVERSION = YES;
				CLANG_WARN_DEPRECATED_OBJC_IMPLEMENTATIONS = YES;
				CLANG_WARN_DIRECT_OBJC_ISA_USAGE = YES_ERROR;
				CLANG_WARN_DOCUMENTATION_COMMENTS = YES;
				CLANG_WARN_EMPTY_BODY = YES;
				CLANG_WARN_ENUM_CONVERSION = YES;
				CLANG_WARN_INFINITE_RECURSION = YES;
				CLANG_WARN_INT_CONVERSION = YES;
				CLANG_WARN_NON_LITERAL_NULL_CONVERSION = YES;
				CLANG_WARN_OBJC_IMPLICIT_RETAIN_SELF = YES;
				CLANG_WARN_OBJC_LITERAL_CONVERSION = YES;
				CLANG_WARN_OBJC_ROOT_CLASS = YES_ERROR;
				CLANG_WARN_QUOTED_INCLUDE_IN_FRAMEWORK_HEADER = YES;
				CLANG_WARN_RANGE_LOOP_ANALYSIS = YES;
				CLANG_WARN_STRICT_PROTOTYPES = YES;
				CLANG_WARN_SUSPICIOUS_MOVE = YES;
				CLANG_WARN_UNGUARDED_AVAILABILITY = YES_AGGRESSIVE;
				CLANG_WARN_UNREACHABLE_CODE = YES;
				CLANG_WARN__DUPLICATE_METHOD_MATCH = YES;
				COPY_PHASE_STRIP = NO;
				DEBUG_INFORMATION_FORMAT = "dwarf-with-dsym";
				ENABLE_NS_ASSERTIONS = NO;
				ENABLE_STRICT_OBJC_MSGSEND = YES;
				ENABLE_USER_SCRIPT_SANDBOXING = YES;
				GCC_C_LANGUAGE_STANDARD = gnu17;
				GCC_NO_COMMON_BLOCKS = YES;
				GCC_WARN_64_TO_32_BIT_CONVERSION = YES;
				GCC_WARN_ABOUT_RETURN_TYPE = YES_ERROR;
				GCC_WARN_UNDECLARED_SELECTOR = YES;
				GCC_WARN_UNINITIALIZED_AUTOS = YES_AGGRESSIVE;
				GCC_WARN_UNUSED_FUNCTION = YES;
				GCC_WARN_UNUSED_VARIABLE = YES;
				IPHONEOS_DEPLOYMENT_TARGET = 17.0;
				LOCALIZATION_PREFERS_STRING_CATALOGS = YES;
				MTL_ENABLE_DEBUG_INFO = NO;
				MTL_FAST_MATH = YES;
				SDKROOT = iphoneos;
				SWIFT_COMPILATION_MODE = wholemodule;
				VALIDATE_PRODUCT = YES;
			};
			name = Release;
		};
		4242752B2BA4FF73001873A3 /* Debug */ = {
			isa = XCBuildConfiguration;
			buildSettings = {
				ASSETCATALOG_COMPILER_APPICON_NAME = AppIcon;
				ASSETCATALOG_COMPILER_GLOBAL_ACCENT_COLOR_NAME = AccentColor;
				CODE_SIGN_STYLE = Automatic;
				CURRENT_PROJECT_VERSION = 1;
				DEVELOPMENT_ASSET_PATHS = "\"MoneyTracker/Preview Content\"";
				DEVELOPMENT_TEAM = 6YJ62Z4KFL;
				ENABLE_PREVIEWS = YES;
				GENERATE_INFOPLIST_FILE = YES;
				INFOPLIST_FILE = MoneyTracker/Info.plist;
				INFOPLIST_KEY_UIApplicationSceneManifest_Generation = YES;
				INFOPLIST_KEY_UIApplicationSupportsIndirectInputEvents = YES;
				INFOPLIST_KEY_UIStatusBarStyle = "";
				INFOPLIST_KEY_UISupportedInterfaceOrientations = UIInterfaceOrientationPortrait;
				IPHONEOS_DEPLOYMENT_TARGET = 17.0;
				LD_RUNPATH_SEARCH_PATHS = (
					"$(inherited)",
					"@executable_path/Frameworks",
				);
				MARKETING_VERSION = 1.0;
				PRODUCT_BUNDLE_IDENTIFIER = com.olhaBereziuk.Monika;
				PRODUCT_NAME = "$(TARGET_NAME)";
				SUPPORTED_PLATFORMS = "iphoneos iphonesimulator";
				SUPPORTS_MACCATALYST = NO;
				SUPPORTS_MAC_DESIGNED_FOR_IPHONE_IPAD = NO;
				SWIFT_EMIT_LOC_STRINGS = YES;
				SWIFT_VERSION = 5.0;
				TARGETED_DEVICE_FAMILY = "1,2";
			};
			name = Debug;
		};
		4242752C2BA4FF73001873A3 /* Release */ = {
			isa = XCBuildConfiguration;
			buildSettings = {
				ASSETCATALOG_COMPILER_APPICON_NAME = AppIcon;
				ASSETCATALOG_COMPILER_GLOBAL_ACCENT_COLOR_NAME = AccentColor;
				CODE_SIGN_STYLE = Automatic;
				CURRENT_PROJECT_VERSION = 1;
				DEVELOPMENT_ASSET_PATHS = "\"MoneyTracker/Preview Content\"";
				DEVELOPMENT_TEAM = 6YJ62Z4KFL;
				ENABLE_PREVIEWS = YES;
				GENERATE_INFOPLIST_FILE = YES;
				INFOPLIST_FILE = MoneyTracker/Info.plist;
				INFOPLIST_KEY_UIApplicationSceneManifest_Generation = YES;
				INFOPLIST_KEY_UIApplicationSupportsIndirectInputEvents = YES;
				INFOPLIST_KEY_UIStatusBarStyle = "";
				INFOPLIST_KEY_UISupportedInterfaceOrientations = UIInterfaceOrientationPortrait;
				IPHONEOS_DEPLOYMENT_TARGET = 17.0;
				LD_RUNPATH_SEARCH_PATHS = (
					"$(inherited)",
					"@executable_path/Frameworks",
				);
				MARKETING_VERSION = 1.0;
				PRODUCT_BUNDLE_IDENTIFIER = com.olhaBereziuk.Monika;
				PRODUCT_NAME = "$(TARGET_NAME)";
				SUPPORTED_PLATFORMS = "iphoneos iphonesimulator";
				SUPPORTS_MACCATALYST = NO;
				SUPPORTS_MAC_DESIGNED_FOR_IPHONE_IPAD = NO;
				SWIFT_EMIT_LOC_STRINGS = YES;
				SWIFT_VERSION = 5.0;
				TARGETED_DEVICE_FAMILY = "1,2";
			};
			name = Release;
		};
		4242752E2BA4FF73001873A3 /* Debug */ = {
			isa = XCBuildConfiguration;
			buildSettings = {
				ALWAYS_EMBED_SWIFT_STANDARD_LIBRARIES = YES;
				BUNDLE_LOADER = "$(TEST_HOST)";
				CODE_SIGN_STYLE = Automatic;
				CURRENT_PROJECT_VERSION = 1;
				DEVELOPMENT_TEAM = 6YJ62Z4KFL;
				GENERATE_INFOPLIST_FILE = YES;
				IPHONEOS_DEPLOYMENT_TARGET = 17.0;
				MARKETING_VERSION = 1.0;
				PRODUCT_BUNDLE_IDENTIFIER = com.olhaBereziuk.MonikaTests;
				PRODUCT_NAME = "$(TARGET_NAME)";
				SWIFT_EMIT_LOC_STRINGS = NO;
				SWIFT_VERSION = 5.0;
				TARGETED_DEVICE_FAMILY = "1,2";
				TEST_HOST = "$(BUILT_PRODUCTS_DIR)/Monika.app/$(BUNDLE_EXECUTABLE_FOLDER_PATH)/Monika";
			};
			name = Debug;
		};
		4242752F2BA4FF73001873A3 /* Release */ = {
			isa = XCBuildConfiguration;
			buildSettings = {
				ALWAYS_EMBED_SWIFT_STANDARD_LIBRARIES = YES;
				BUNDLE_LOADER = "$(TEST_HOST)";
				CODE_SIGN_STYLE = Automatic;
				CURRENT_PROJECT_VERSION = 1;
				DEVELOPMENT_TEAM = 6YJ62Z4KFL;
				GENERATE_INFOPLIST_FILE = YES;
				IPHONEOS_DEPLOYMENT_TARGET = 17.0;
				MARKETING_VERSION = 1.0;
				PRODUCT_BUNDLE_IDENTIFIER = com.olhaBereziuk.MonikaTests;
				PRODUCT_NAME = "$(TARGET_NAME)";
				SWIFT_EMIT_LOC_STRINGS = NO;
				SWIFT_VERSION = 5.0;
				TARGETED_DEVICE_FAMILY = "1,2";
				TEST_HOST = "$(BUILT_PRODUCTS_DIR)/Monika.app/$(BUNDLE_EXECUTABLE_FOLDER_PATH)/Monika";
			};
			name = Release;
		};
		424275312BA4FF73001873A3 /* Debug */ = {
			isa = XCBuildConfiguration;
			buildSettings = {
				ALWAYS_EMBED_SWIFT_STANDARD_LIBRARIES = YES;
				CODE_SIGN_STYLE = Automatic;
				CURRENT_PROJECT_VERSION = 1;
				DEVELOPMENT_TEAM = 6YJ62Z4KFL;
				GENERATE_INFOPLIST_FILE = YES;
				MARKETING_VERSION = 1.0;
				PRODUCT_BUNDLE_IDENTIFIER = com.olhaBereziuk.MonikaUITests;
				PRODUCT_NAME = "$(TARGET_NAME)";
				SWIFT_EMIT_LOC_STRINGS = NO;
				SWIFT_VERSION = 5.0;
				TARGETED_DEVICE_FAMILY = "1,2";
				TEST_TARGET_NAME = MoneyTracker;
			};
			name = Debug;
		};
		424275322BA4FF73001873A3 /* Release */ = {
			isa = XCBuildConfiguration;
			buildSettings = {
				ALWAYS_EMBED_SWIFT_STANDARD_LIBRARIES = YES;
				CODE_SIGN_STYLE = Automatic;
				CURRENT_PROJECT_VERSION = 1;
				DEVELOPMENT_TEAM = 6YJ62Z4KFL;
				GENERATE_INFOPLIST_FILE = YES;
				MARKETING_VERSION = 1.0;
				PRODUCT_BUNDLE_IDENTIFIER = com.olhaBereziuk.MonikaUITests;
				PRODUCT_NAME = "$(TARGET_NAME)";
				SWIFT_EMIT_LOC_STRINGS = NO;
				SWIFT_VERSION = 5.0;
				TARGETED_DEVICE_FAMILY = "1,2";
				TEST_TARGET_NAME = MoneyTracker;
			};
			name = Release;
		};
/* End XCBuildConfiguration section */

/* Begin XCConfigurationList section */
		424275012BA4FF71001873A3 /* Build configuration list for PBXProject "Monika" */ = {
			isa = XCConfigurationList;
			buildConfigurations = (
				424275282BA4FF73001873A3 /* Debug */,
				424275292BA4FF73001873A3 /* Release */,
			);
			defaultConfigurationIsVisible = 0;
			defaultConfigurationName = Release;
		};
		4242752A2BA4FF73001873A3 /* Build configuration list for PBXNativeTarget "Monika" */ = {
			isa = XCConfigurationList;
			buildConfigurations = (
				4242752B2BA4FF73001873A3 /* Debug */,
				4242752C2BA4FF73001873A3 /* Release */,
			);
			defaultConfigurationIsVisible = 0;
			defaultConfigurationName = Release;
		};
		4242752D2BA4FF73001873A3 /* Build configuration list for PBXNativeTarget "MonikaTests" */ = {
			isa = XCConfigurationList;
			buildConfigurations = (
				4242752E2BA4FF73001873A3 /* Debug */,
				4242752F2BA4FF73001873A3 /* Release */,
			);
			defaultConfigurationIsVisible = 0;
			defaultConfigurationName = Release;
		};
		424275302BA4FF73001873A3 /* Build configuration list for PBXNativeTarget "MonikaUITests" */ = {
			isa = XCConfigurationList;
			buildConfigurations = (
				424275312BA4FF73001873A3 /* Debug */,
				424275322BA4FF73001873A3 /* Release */,
			);
			defaultConfigurationIsVisible = 0;
			defaultConfigurationName = Release;
		};
/* End XCConfigurationList section */

/* Begin XCVersionGroup section */
		42B9F1162BF60F2E00D719E3 /* MoneyTrackerDB.xcdatamodeld */ = {
			isa = XCVersionGroup;
			children = (
				42B9F1172BF60F2E00D719E3 /* MoneyTrackerDB.xcdatamodel */,
			);
			currentVersion = 42B9F1172BF60F2E00D719E3 /* MoneyTrackerDB.xcdatamodel */;
			path = MoneyTrackerDB.xcdatamodeld;
			sourceTree = "<group>";
			versionGroupType = wrapper.xcdatamodel;
		};
/* End XCVersionGroup section */
	};
	rootObject = 424274FE2BA4FF71001873A3 /* Project object */;
}
